<?xml version="1.0" encoding="utf-8"?>
<Project ToolsVersion="4.0" xmlns="http://schemas.microsoft.com/developer/msbuild/2003">
  <ItemGroup>
    <Filter Include="Buffer">
      <UniqueIdentifier>{d9cd0070-ca9f-4ea7-8dba-0668421719bc}</UniqueIdentifier>
    </Filter>
  </ItemGroup>
  <ItemGroup>
    <ClCompile Include="$(MSBuildThisFileDirectory)IVKBlendState.cpp" />
    <ClCompile Include="$(MSBuildThisFileDirectory)IVKCommandList.cpp" />
    <ClCompile Include="$(MSBuildThisFileDirectory)IVKConstantBuffer.cpp" />
    <ClCompile Include="$(MSBuildThisFileDirectory)IVKDepthStencilState.cpp" />
    <ClCompile Include="$(MSBuildThisFileDirectory)IVKDepthStencilView.cpp" />
    <ClCompile Include="$(MSBuildThisFileDirectory)IVKFrameBuffers.cpp" />
    <ClCompile Include="$(MSBuildThisFileDirectory)IVKGeometryMesh.cpp" />
    <ClCompile Include="$(MSBuildThisFileDirectory)IVKIndexBuffer.cpp" />
    <ClCompile Include="$(MSBuildThisFileDirectory)IVKInputLayout.cpp" />
    <ClCompile Include="$(MSBuildThisFileDirectory)IVKPass.cpp" />
    <ClCompile Include="$(MSBuildThisFileDirectory)IVKPixelShader.cpp" />
    <ClCompile Include="$(MSBuildThisFileDirectory)IVKRasterizerState.cpp" />
    <ClCompile Include="$(MSBuildThisFileDirectory)IVKRenderContext.cpp" />
    <ClCompile Include="$(MSBuildThisFileDirectory)IVKRenderPipeline.cpp" />
    <ClCompile Include="$(MSBuildThisFileDirectory)IVKRenderSystem.cpp" />
    <ClCompile Include="$(MSBuildThisFileDirectory)IVKRenderTargetView.cpp" />
    <ClCompile Include="$(MSBuildThisFileDirectory)IVKSamplerState.cpp" />
    <ClCompile Include="$(MSBuildThisFileDirectory)IVKShaderProgram.cpp" />
    <ClCompile Include="$(MSBuildThisFileDirectory)IVKShaderResourceView.cpp" />
    <ClCompile Include="$(MSBuildThisFileDirectory)IVKSwapChain.cpp" />
    <ClCompile Include="$(MSBuildThisFileDirectory)IVKVertexBuffer.cpp" />
    <ClCompile Include="$(MSBuildThisFileDirectory)IVKVertexShader.cpp" />
    <ClCompile Include="$(MSBuildThisFileDirectory)VKPreHead.cpp" />
    <ClCompile Include="$(MSBuildThisFileDirectory)IVKComputeShader.cpp" />
    <ClCompile Include="$(MSBuildThisFileDirectory)IVKFence.cpp" />
    <ClCompile Include="$(MSBuildThisFileDirectory)IVKGpuBuffer.cpp" />
    <ClCompile Include="$(MSBuildThisFileDirectory)IVKTexture2D.cpp" />
    <ClCompile Include="$(MSBuildThisFileDirectory)IVKUnorderedAccessView.cpp" />
  </ItemGroup>
  <ItemGroup>
    <ClInclude Include="$(MSBuildThisFileDirectory)IVKBlendState.h" />
    <ClInclude Include="$(MSBuildThisFileDirectory)IVKCommandList.h" />
    <ClInclude Include="$(MSBuildThisFileDirectory)IVKConstantBuffer.h" />
    <ClInclude Include="$(MSBuildThisFileDirectory)IVKDepthStencilState.h" />
    <ClInclude Include="$(MSBuildThisFileDirectory)IVKDepthStencilView.h" />
    <ClInclude Include="$(MSBuildThisFileDirectory)IVKFrameBuffers.h" />
    <ClInclude Include="$(MSBuildThisFileDirectory)IVKGeometryMesh.h" />
    <ClInclude Include="$(MSBuildThisFileDirectory)IVKIndexBuffer.h" />
    <ClInclude Include="$(MSBuildThisFileDirectory)IVKInputLayout.h" />
    <ClInclude Include="$(MSBuildThisFileDirectory)IVKPass.h" />
    <ClInclude Include="$(MSBuildThisFileDirectory)IVKPixelShader.h" />
    <ClInclude Include="$(MSBuildThisFileDirectory)IVKRasterizerState.h" />
    <ClInclude Include="$(MSBuildThisFileDirectory)IVKRenderContext.h" />
    <ClInclude Include="$(MSBuildThisFileDirectory)IVKRenderPipeline.h" />
    <ClInclude Include="$(MSBuildThisFileDirectory)IVKRenderSystem.h" />
    <ClInclude Include="$(MSBuildThisFileDirectory)IVKRenderTargetView.h" />
    <ClInclude Include="$(MSBuildThisFileDirectory)IVKSamplerState.h" />
    <ClInclude Include="$(MSBuildThisFileDirectory)IVKShaderProgram.h" />
    <ClInclude Include="$(MSBuildThisFileDirectory)IVKShaderResourceView.h" />
    <ClInclude Include="$(MSBuildThisFileDirectory)IVKSwapChain.h" />
    <ClInclude Include="$(MSBuildThisFileDirectory)IVKVertexBuffer.h" />
    <ClInclude Include="$(MSBuildThisFileDirectory)IVKVertexShader.h" />
    <ClInclude Include="$(MSBuildThisFileDirectory)VKPreHead.h" />
    <ClInclude Include="$(MSBuildThisFileDirectory)IVKComputeShader.h" />
    <ClInclude Include="$(MSBuildThisFileDirectory)IVKFence.h" />
    <ClInclude Include="$(MSBuildThisFileDirectory)IVKGpuBuffer.h" />
    <ClInclude Include="$(MSBuildThisFileDirectory)IVKTexture2D.h" />
    <ClInclude Include="$(MSBuildThisFileDirectory)IVKUnorderedAccessView.h" />
  </ItemGroup>
</Project>