<?xml version="1.0" encoding="utf-8"?>
<Project ToolsVersion="4.0" xmlns="http://schemas.microsoft.com/developer/msbuild/2003">
  <ItemGroup>
    <Filter Include="Include">
      <UniqueIdentifier>{81e66e42-632d-4948-a382-91d48e95089e}</UniqueIdentifier>
    </Filter>
    <Filter Include="Source">
      <UniqueIdentifier>{7d6923c5-0fe8-4c34-9144-733085e7e86a}</UniqueIdentifier>
    </Filter>
  </ItemGroup>
  <ItemGroup>
    <ClInclude Include="$(MSBuildThisFileDirectory)Include\Recast.h">
      <Filter>Include</Filter>
    </ClInclude>
    <ClInclude Include="$(MSBuildThisFileDirectory)Include\RecastAlloc.h">
      <Filter>Include</Filter>
    </ClInclude>
    <ClInclude Include="$(MSBuildThisFileDirectory)Include\RecastAssert.h">
      <Filter>Include</Filter>
    </ClInclude>
  </ItemGroup>
  <ItemGroup>
    <ClCompile Include="$(MSBuildThisFileDirectory)Source\Recast.cpp">
      <Filter>Source</Filter>
    </ClCompile>
    <ClCompile Include="$(MSBuildThisFileDirectory)Source\RecastAlloc.cpp">
      <Filter>Source</Filter>
    </ClCompile>
    <ClCompile Include="$(MSBuildThisFileDirectory)Source\RecastArea.cpp">
      <Filter>Source</Filter>
    </ClCompile>
    <ClCompile Include="$(MSBuildThisFileDirectory)Source\RecastAssert.cpp">
      <Filter>Source</Filter>
    </ClCompile>
    <ClCompile Include="$(MSBuildThisFileDirectory)Source\RecastContour.cpp">
      <Filter>Source</Filter>
    </ClCompile>
    <ClCompile Include="$(MSBuildThisFileDirectory)Source\RecastFilter.cpp">
      <Filter>Source</Filter>
    </ClCompile>
    <ClCompile Include="$(MSBuildThisFileDirectory)Source\RecastLayers.cpp">
      <Filter>Source</Filter>
    </ClCompile>
    <ClCompile Include="$(MSBuildThisFileDirectory)Source\RecastMesh.cpp">
      <Filter>Source</Filter>
    </ClCompile>
    <ClCompile Include="$(MSBuildThisFileDirectory)Source\RecastMeshDetail.cpp">
      <Filter>Source</Filter>
    </ClCompile>
    <ClCompile Include="$(MSBuildThisFileDirectory)Source\RecastRasterization.cpp">
      <Filter>Source</Filter>
    </ClCompile>
    <ClCompile Include="$(MSBuildThisFileDirectory)Source\RecastRegion.cpp">
      <Filter>Source</Filter>
    </ClCompile>
  </ItemGroup>
</Project>