
Microsoft Visual Studio Solution File, Format Version 12.00
# Visual Studio Version 17
VisualStudioVersion = 17.0.31903.59
MinimumVisualStudioVersion = 10.0.40219.1
Project("{8BC9CEB8-8B4A-11D0-8D11-00A0C91BC942}") = "Core.Window", "Core.Window\Core.Window.vcxproj", "{AD0E23E3-ECA5-4E52-B69D-BB6E669C48C6}"
	ProjectSection(ProjectDependencies) = postProject
		{CF1063D6-AB7A-41A0-AC60-1054EAA79E4A} = {CF1063D6-AB7A-41A0-AC60-1054EAA79E4A}
		{9DBFEC7B-E075-4491-B0D2-92A5011384F5} = {9DBFEC7B-E075-4491-B0D2-92A5011384F5}
	EndProjectSection
EndProject
Project("{8BC9CEB8-8B4A-11D0-8D11-00A0C91BC942}") = "crnlib", "3rd\native\crunch\crnlib\crnlib.2008.vcxproj", "{CF2E70E8-7133-4D96-92C7-68BB406C0664}"
EndProject
Project("{2150E333-8FDC-42A3-9474-1A3956D46DE8}") = "Module", "Module", "{4083B239-EF9F-4971-B1B1-5481CD3723BA}"
EndProject
Project("{FAE04EC0-301F-11D3-BF4B-00C04F79EFBC}") = "CppWeavingTools", "Module\CppWeavingTools\CppWeavingTools.csproj", "{CF1063D6-AB7A-41A0-AC60-1054EAA79E4A}"
EndProject
Project("{FAE04EC0-301F-11D3-BF4B-00C04F79EFBC}") = "CSharpCodeTools", "Module\CSharpCodeTools\CSharpCodeTools.csproj", "{9DBFEC7B-E075-4491-B0D2-92A5011384F5}"
EndProject
Project("{FAE04EC0-301F-11D3-BF4B-00C04F79EFBC}") = "CompilingGenerator", "Module\CompilingGenerator\CompilingGenerator.csproj", "{B8E4D40D-0E7F-443B-94E4-3FD51AECE8BF}"
EndProject
Project("{FAE04EC0-301F-11D3-BF4B-00C04F79EFBC}") = "TtEngineLints", "Module\TtEngineLints\TtEngineLints.csproj", "{0CAF323A-E85E-40F3-83A5-DB29898417DC}"
EndProject
Project("{FAE04EC0-301F-11D3-BF4B-00C04F79EFBC}") = "CSharpCompiler", "Module\CSharpCompiler\CSharpCompiler.csproj", "{8413A23B-55B5-4E72-A928-4B274BE60AA0}"
EndProject
Project("{FAE04EC0-301F-11D3-BF4B-00C04F79EFBC}") = "GameBuilder", "Module\GameBuilder\GameBuilder.csproj", "{5B014A0E-7ED7-4706-9650-472119292140}"
EndProject
Project("{FAE04EC0-301F-11D3-BF4B-00C04F79EFBC}") = "TitanCMD", "Module\TitanCMD\TitanCMD.csproj", "{4D7A3221-996E-4217-9834-7DFA46E3B15C}"
EndProject
Project("{FAE04EC0-301F-11D3-BF4B-00C04F79EFBC}") = "Engine.Window", "Module\Engine.Window\Engine.Window.csproj", "{2E041C45-678A-4F4C-9599-F88679E73B2C}"
EndProject
Project("{FAE04EC0-301F-11D3-BF4B-00C04F79EFBC}") = "MainEditor", "Module\MainEditor\MainEditor.csproj", "{12AA56F1-6E6C-40EC-80F0-7A5960EE925B}"
EndProject
Project("{2150E333-8FDC-42A3-9474-1A3956D46DE8}") = "Plugins", "Plugins", "{2A415EC4-E50F-419C-9EF8-59366BCFF92D}"
EndProject
Project("{2150E333-8FDC-42A3-9474-1A3956D46DE8}") = "GameCore", "GameCore", "{32CC4C2A-DEF6-48C9-B771-6C43466ED493}"
EndProject
Project("{2150E333-8FDC-42A3-9474-1A3956D46DE8}") = "Inventory", "Inventory", "{F318904D-1A2F-468D-9DB7-040D32527ED2}"
EndProject
Project("{FAE04EC0-301F-11D3-BF4B-00C04F79EFBC}") = "Inventory.All", "Plugins\GameCore\Inventory\Inventory.All\Inventory.All.csproj", "{248A9DA5-FE9B-4DC1-8F39-E1F40652E1D4}"
EndProject
Project("{2150E333-8FDC-42A3-9474-1A3956D46DE8}") = "Game", "Game", "{CB6F672F-753D-4456-82BF-D17CF263091C}"
EndProject
Project("{2150E333-8FDC-42A3-9474-1A3956D46DE8}") = "Survivor", "Survivor", "{E61D8C91-B8EE-4901-9B2C-52D687954577}"
EndProject
Project("{FAE04EC0-301F-11D3-BF4B-00C04F79EFBC}") = "Survivor.All", "Plugins\Game\Survivor\Survivor.All\Survivor.All.csproj", "{CB5E156B-D6F8-4159-BAAB-EFECA73A4EEF}"
EndProject
Project("{2150E333-8FDC-42A3-9474-1A3956D46DE8}") = "GameItems", "GameItems", "{46A96FD7-6344-4464-864F-F4014061931D}"
EndProject
Project("{FAE04EC0-301F-11D3-BF4B-00C04F79EFBC}") = "GameItems.All", "Plugins\GameItems\GameItems.All\GameItems.All.csproj", "{C41324E4-EBEB-48DF-BF0E-42C04F633FC4}"
EndProject
Project("{2150E333-8FDC-42A3-9474-1A3956D46DE8}") = "GameTasks", "GameTasks", "{AA5F4209-3A8D-4DA2-A2D7-A6BB4D68C115}"
EndProject
Project("{FAE04EC0-301F-11D3-BF4B-00C04F79EFBC}") = "GameTasks.All", "Plugins\GameTasks\GameTasks.All\GameTasks.All.csproj", "{3A41DD4F-F114-40E1-8A59-DB9F05B710F2}"
EndProject
Project("{2150E333-8FDC-42A3-9474-1A3956D46DE8}") = "RpcCaller", "RpcCaller", "{E1D2522B-312A-4046-ACC5-A5C395EFA9A3}"
EndProject
Project("{FAE04EC0-301F-11D3-BF4B-00C04F79EFBC}") = "RpcCaller.Window", "Plugins\RpcCaller\RpcCaller.Window\RpcCaller.Window.csproj", "{ECC5939D-9279-4F76-9D1F-2868C8507ADE}"
EndProject
Project("{2150E333-8FDC-42A3-9474-1A3956D46DE8}") = "GameServer", "GameServer", "{096BDB2E-FE2A-4C07-91FE-EA193B711DCD}"
EndProject
Project("{FAE04EC0-301F-11D3-BF4B-00C04F79EFBC}") = "GameServer.Window", "Plugins\GameServer\GameServer.Window\GameServer.Window.csproj", "{8AD351F3-07A2-48B1-BAF0-13618CD3D78F}"
EndProject
Project("{2150E333-8FDC-42A3-9474-1A3956D46DE8}") = "Root", "Root", "{B2DF8B3E-CCA4-49D7-8525-624D4FC1DE2A}"
EndProject
Project("{FAE04EC0-301F-11D3-BF4B-00C04F79EFBC}") = "RootServer.Window", "Plugins\GameServer\Root\RootServer.Window\RootServer.Window.csproj", "{A0C90932-8755-4967-B659-7D88E27EAFC6}"
EndProject
Project("{2150E333-8FDC-42A3-9474-1A3956D46DE8}") = "Login", "Login", "{3295C80B-F002-471E-BC6C-0943905FB0D6}"
EndProject
Project("{FAE04EC0-301F-11D3-BF4B-00C04F79EFBC}") = "LoginServer.Window", "Plugins\GameServer\Login\LoginServer.Window\LoginServer.Window.csproj", "{A388CA60-04B9-4A1E-8ACA-97CDCB3A99EE}"
EndProject
Project("{2150E333-8FDC-42A3-9474-1A3956D46DE8}") = "Gate", "Gate", "{C6208F90-DAE6-4EBE-8E85-DF8F7AA8FB13}"
EndProject
Project("{FAE04EC0-301F-11D3-BF4B-00C04F79EFBC}") = "GateServer.Window", "Plugins\GameServer\Gate\GateServer.Window\GateServer.Window.csproj", "{37F0D66B-7F13-4EDB-9C8C-4723E0816AE9}"
EndProject
Project("{2150E333-8FDC-42A3-9474-1A3956D46DE8}") = "Level", "Level", "{7B0B180E-0F2F-4B73-8A9A-42143EFA4A3C}"
EndProject
Project("{FAE04EC0-301F-11D3-BF4B-00C04F79EFBC}") = "LevelServer.Window", "Plugins\GameServer\Level\LevelServer.Window\LevelServer.Window.csproj", "{AD189BBD-F231-4024-B0C2-AC6F1DA1195A}"
EndProject
Project("{2150E333-8FDC-42A3-9474-1A3956D46DE8}") = "ClientRobot", "ClientRobot", "{EA3E9065-A478-4742-B107-E0C225E29774}"
EndProject
Project("{FAE04EC0-301F-11D3-BF4B-00C04F79EFBC}") = "ClientRobot.Window", "Plugins\GameServer\ClientRobot\ClientRobot.Window\ClientRobot.Window.csproj", "{AF3903AA-8BE4-44A3-809E-627989C7CACC}"
EndProject
Project("{2150E333-8FDC-42A3-9474-1A3956D46DE8}") = "AIGC", "AIGC", "{5193ECE4-1646-47D3-8CF7-92B855A3AFD0}"
EndProject
Project("{2150E333-8FDC-42A3-9474-1A3956D46DE8}") = "MCPServer", "MCPServer", "{B59DA02D-C9F5-49D3-9C53-5A81778627C3}"
EndProject
Project("{FAE04EC0-301F-11D3-BF4B-00C04F79EFBC}") = "MCPServer.All", "Plugins\AIGC\MCPServer\MCPServer.All\MCPServer.All.csproj", "{7AA42BF8-F0D9-4A56-8D2A-01E66BC6092D}"
EndProject
Project("{2150E333-8FDC-42A3-9474-1A3956D46DE8}") = "TencentAIGC", "TencentAIGC", "{7DF1333B-4080-4C76-BC87-19D09F1A7AE6}"
EndProject
Project("{FAE04EC0-301F-11D3-BF4B-00C04F79EFBC}") = "TencentAIGC.All", "Plugins\AIGC\TencentAIGC\TencentAIGC.All\TencentAIGC.All.csproj", "{A246E98C-CB15-4379-B615-BBFF2BB267E7}"
EndProject
Project("{2150E333-8FDC-42A3-9474-1A3956D46DE8}") = "SourceGit", "SourceGit", "{22941B0A-2B66-4320-9010-729E1E160FC3}"
EndProject
Project("{FAE04EC0-301F-11D3-BF4B-00C04F79EFBC}") = "SourceGit.Window", "Plugins\SourceGit\SourceGit.Window\SourceGit.Window.csproj", "{E2F25F95-06B8-4BE5-9EAD-2FEFF4FADA9B}"
EndProject
Project("{2150E333-8FDC-42A3-9474-1A3956D46DE8}") = "VisualStudioPlugin", "VisualStudioPlugin", "{0E7CED69-D228-4BEE-B251-EC3E00969EDB}"
EndProject
Project("{FAE04EC0-301F-11D3-BF4B-00C04F79EFBC}") = "VisualStudioPlugin.Window", "Plugins\VisualStudioPlugin\VisualStudioPlugin.Window\VisualStudioPlugin.Window.csproj", "{83E12DAF-9D70-4F7F-9503-AC4AE154689E}"
EndProject
Project("{2150E333-8FDC-42A3-9474-1A3956D46DE8}") = "DataCopyer", "DataCopyer", "{C877D3A3-1299-4B9E-BA6C-D17E9C82C25C}"
EndProject
Project("{FAE04EC0-301F-11D3-BF4B-00C04F79EFBC}") = "DataCopyer.All", "Plugins\DataCopyer\DataCopyer.All\DataCopyer.All.csproj", "{C45B3761-7DFF-4FA3-9AD9-3B4A07BB4849}"
EndProject
Global
	GlobalSection(SolutionConfigurationPlatforms) = preSolution
		Debug|x64 = Debug|x64
		Release|x64 = Release|x64
	EndGlobalSection
	GlobalSection(SolutionProperties) = preSolution
		HideSolutionNode = FALSE
	EndGlobalSection
	GlobalSection(ProjectConfigurationPlatforms) = postSolution
		{AD0E23E3-ECA5-4E52-B69D-BB6E669C48C6}.Debug|x64.ActiveCfg = Debug|x64
		{AD0E23E3-ECA5-4E52-B69D-BB6E669C48C6}.Debug|x64.Build.0 = Debug|x64
		{AD0E23E3-ECA5-4E52-B69D-BB6E669C48C6}.Release|x64.ActiveCfg = Release|x64
		{AD0E23E3-ECA5-4E52-B69D-BB6E669C48C6}.Release|x64.Build.0 = Release|x64
		{CF2E70E8-7133-4D96-92C7-68BB406C0664}.Debug|x64.ActiveCfg = Debug|x64
		{CF2E70E8-7133-4D96-92C7-68BB406C0664}.Debug|x64.Build.0 = Debug|x64
		{CF2E70E8-7133-4D96-92C7-68BB406C0664}.Release|x64.ActiveCfg = Release|x64
		{CF2E70E8-7133-4D96-92C7-68BB406C0664}.Release|x64.Build.0 = Release|x64
		{CF1063D6-AB7A-41A0-AC60-1054EAA79E4A}.Debug|x64.ActiveCfg = Debug|Any CPU
		{CF1063D6-AB7A-41A0-AC60-1054EAA79E4A}.Debug|x64.Build.0 = Debug|Any CPU
		{CF1063D6-AB7A-41A0-AC60-1054EAA79E4A}.Release|x64.ActiveCfg = Release|Any CPU
		{CF1063D6-AB7A-41A0-AC60-1054EAA79E4A}.Release|x64.Build.0 = Release|Any CPU
		{9DBFEC7B-E075-4491-B0D2-92A5011384F5}.Debug|x64.ActiveCfg = Debug|Any CPU
		{9DBFEC7B-E075-4491-B0D2-92A5011384F5}.Debug|x64.Build.0 = Debug|Any CPU
		{9DBFEC7B-E075-4491-B0D2-92A5011384F5}.Release|x64.ActiveCfg = Release|Any CPU
		{9DBFEC7B-E075-4491-B0D2-92A5011384F5}.Release|x64.Build.0 = Release|Any CPU
		{B8E4D40D-0E7F-443B-94E4-3FD51AECE8BF}.Debug|x64.ActiveCfg = Debug|Any CPU
		{B8E4D40D-0E7F-443B-94E4-3FD51AECE8BF}.Debug|x64.Build.0 = Debug|Any CPU
		{B8E4D40D-0E7F-443B-94E4-3FD51AECE8BF}.Release|x64.ActiveCfg = Release|Any CPU
		{B8E4D40D-0E7F-443B-94E4-3FD51AECE8BF}.Release|x64.Build.0 = Release|Any CPU
		{0CAF323A-E85E-40F3-83A5-DB29898417DC}.Debug|x64.ActiveCfg = Debug|Any CPU
		{0CAF323A-E85E-40F3-83A5-DB29898417DC}.Debug|x64.Build.0 = Debug|Any CPU
		{0CAF323A-E85E-40F3-83A5-DB29898417DC}.Release|x64.ActiveCfg = Release|Any CPU
		{0CAF323A-E85E-40F3-83A5-DB29898417DC}.Release|x64.Build.0 = Release|Any CPU
		{8413A23B-55B5-4E72-A928-4B274BE60AA0}.Debug|x64.ActiveCfg = Debug|Any CPU
		{8413A23B-55B5-4E72-A928-4B274BE60AA0}.Debug|x64.Build.0 = Debug|Any CPU
		{8413A23B-55B5-4E72-A928-4B274BE60AA0}.Release|x64.ActiveCfg = Release|Any CPU
		{8413A23B-55B5-4E72-A928-4B274BE60AA0}.Release|x64.Build.0 = Release|Any CPU
		{5B014A0E-7ED7-4706-9650-472119292140}.Debug|x64.ActiveCfg = Debug|Any CPU
		{5B014A0E-7ED7-4706-9650-472119292140}.Debug|x64.Build.0 = Debug|Any CPU
		{5B014A0E-7ED7-4706-9650-472119292140}.Release|x64.ActiveCfg = Release|Any CPU
		{5B014A0E-7ED7-4706-9650-472119292140}.Release|x64.Build.0 = Release|Any CPU
		{4D7A3221-996E-4217-9834-7DFA46E3B15C}.Debug|x64.ActiveCfg = Debug|Any CPU
		{4D7A3221-996E-4217-9834-7DFA46E3B15C}.Debug|x64.Build.0 = Debug|Any CPU
		{4D7A3221-996E-4217-9834-7DFA46E3B15C}.Release|x64.ActiveCfg = Release|Any CPU
		{4D7A3221-996E-4217-9834-7DFA46E3B15C}.Release|x64.Build.0 = Release|Any CPU
		{2E041C45-678A-4F4C-9599-F88679E73B2C}.Debug|x64.ActiveCfg = Debug|Any CPU
		{2E041C45-678A-4F4C-9599-F88679E73B2C}.Debug|x64.Build.0 = Debug|Any CPU
		{2E041C45-678A-4F4C-9599-F88679E73B2C}.Release|x64.ActiveCfg = Release|Any CPU
		{2E041C45-678A-4F4C-9599-F88679E73B2C}.Release|x64.Build.0 = Release|Any CPU
		{12AA56F1-6E6C-40EC-80F0-7A5960EE925B}.Debug|x64.ActiveCfg = Debug|Any CPU
		{12AA56F1-6E6C-40EC-80F0-7A5960EE925B}.Debug|x64.Build.0 = Debug|Any CPU
		{12AA56F1-6E6C-40EC-80F0-7A5960EE925B}.Release|x64.ActiveCfg = Release|Any CPU
		{12AA56F1-6E6C-40EC-80F0-7A5960EE925B}.Release|x64.Build.0 = Release|Any CPU
		{248A9DA5-FE9B-4DC1-8F39-E1F40652E1D4}.Debug|x64.ActiveCfg = Debug|Any CPU
		{248A9DA5-FE9B-4DC1-8F39-E1F40652E1D4}.Debug|x64.Build.0 = Debug|Any CPU
		{248A9DA5-FE9B-4DC1-8F39-E1F40652E1D4}.Release|x64.ActiveCfg = Release|Any CPU
		{248A9DA5-FE9B-4DC1-8F39-E1F40652E1D4}.Release|x64.Build.0 = Release|Any CPU
		{CB5E156B-D6F8-4159-BAAB-EFECA73A4EEF}.Debug|x64.ActiveCfg = Debug|Any CPU
		{CB5E156B-D6F8-4159-BAAB-EFECA73A4EEF}.Debug|x64.Build.0 = Debug|Any CPU
		{CB5E156B-D6F8-4159-BAAB-EFECA73A4EEF}.Release|x64.ActiveCfg = Release|Any CPU
		{CB5E156B-D6F8-4159-BAAB-EFECA73A4EEF}.Release|x64.Build.0 = Release|Any CPU
		{C41324E4-EBEB-48DF-BF0E-42C04F633FC4}.Debug|x64.ActiveCfg = Debug|Any CPU
		{C41324E4-EBEB-48DF-BF0E-42C04F633FC4}.Debug|x64.Build.0 = Debug|Any CPU
		{C41324E4-EBEB-48DF-BF0E-42C04F633FC4}.Release|x64.ActiveCfg = Release|Any CPU
		{C41324E4-EBEB-48DF-BF0E-42C04F633FC4}.Release|x64.Build.0 = Release|Any CPU
		{3A41DD4F-F114-40E1-8A59-DB9F05B710F2}.Debug|x64.ActiveCfg = Debug|Any CPU
		{3A41DD4F-F114-40E1-8A59-DB9F05B710F2}.Debug|x64.Build.0 = Debug|Any CPU
		{3A41DD4F-F114-40E1-8A59-DB9F05B710F2}.Release|x64.ActiveCfg = Release|Any CPU
		{3A41DD4F-F114-40E1-8A59-DB9F05B710F2}.Release|x64.Build.0 = Release|Any CPU
		{ECC5939D-9279-4F76-9D1F-2868C8507ADE}.Debug|x64.ActiveCfg = Debug|Any CPU
		{ECC5939D-9279-4F76-9D1F-2868C8507ADE}.Debug|x64.Build.0 = Debug|Any CPU
		{ECC5939D-9279-4F76-9D1F-2868C8507ADE}.Release|x64.ActiveCfg = Release|Any CPU
		{ECC5939D-9279-4F76-9D1F-2868C8507ADE}.Release|x64.Build.0 = Release|Any CPU
		{8AD351F3-07A2-48B1-BAF0-13618CD3D78F}.Debug|x64.ActiveCfg = Debug|Any CPU
		{8AD351F3-07A2-48B1-BAF0-13618CD3D78F}.Debug|x64.Build.0 = Debug|Any CPU
		{8AD351F3-07A2-48B1-BAF0-13618CD3D78F}.Release|x64.ActiveCfg = Release|Any CPU
		{8AD351F3-07A2-48B1-BAF0-13618CD3D78F}.Release|x64.Build.0 = Release|Any CPU
		{A0C90932-8755-4967-B659-7D88E27EAFC6}.Debug|x64.ActiveCfg = Debug|Any CPU
		{A0C90932-8755-4967-B659-7D88E27EAFC6}.Debug|x64.Build.0 = Debug|Any CPU
		{A0C90932-8755-4967-B659-7D88E27EAFC6}.Release|x64.ActiveCfg = Release|Any CPU
		{A0C90932-8755-4967-B659-7D88E27EAFC6}.Release|x64.Build.0 = Release|Any CPU
		{A388CA60-04B9-4A1E-8ACA-97CDCB3A99EE}.Debug|x64.ActiveCfg = Debug|Any CPU
		{A388CA60-04B9-4A1E-8ACA-97CDCB3A99EE}.Debug|x64.Build.0 = Debug|Any CPU
		{A388CA60-04B9-4A1E-8ACA-97CDCB3A99EE}.Release|x64.ActiveCfg = Release|Any CPU
		{A388CA60-04B9-4A1E-8ACA-97CDCB3A99EE}.Release|x64.Build.0 = Release|Any CPU
		{37F0D66B-7F13-4EDB-9C8C-4723E0816AE9}.Debug|x64.ActiveCfg = Debug|Any CPU
		{37F0D66B-7F13-4EDB-9C8C-4723E0816AE9}.Debug|x64.Build.0 = Debug|Any CPU
		{37F0D66B-7F13-4EDB-9C8C-4723E0816AE9}.Release|x64.ActiveCfg = Release|Any CPU
		{37F0D66B-7F13-4EDB-9C8C-4723E0816AE9}.Release|x64.Build.0 = Release|Any CPU
		{AD189BBD-F231-4024-B0C2-AC6F1DA1195A}.Debug|x64.ActiveCfg = Debug|Any CPU
		{AD189BBD-F231-4024-B0C2-AC6F1DA1195A}.Debug|x64.Build.0 = Debug|Any CPU
		{AD189BBD-F231-4024-B0C2-AC6F1DA1195A}.Release|x64.ActiveCfg = Release|Any CPU
		{AD189BBD-F231-4024-B0C2-AC6F1DA1195A}.Release|x64.Build.0 = Release|Any CPU
		{AF3903AA-8BE4-44A3-809E-627989C7CACC}.Debug|x64.ActiveCfg = Debug|Any CPU
		{AF3903AA-8BE4-44A3-809E-627989C7CACC}.Debug|x64.Build.0 = Debug|Any CPU
		{AF3903AA-8BE4-44A3-809E-627989C7CACC}.Release|x64.ActiveCfg = Release|Any CPU
		{AF3903AA-8BE4-44A3-809E-627989C7CACC}.Release|x64.Build.0 = Release|Any CPU
		{7AA42BF8-F0D9-4A56-8D2A-01E66BC6092D}.Debug|x64.ActiveCfg = Debug|Any CPU
		{7AA42BF8-F0D9-4A56-8D2A-01E66BC6092D}.Debug|x64.Build.0 = Debug|Any CPU
		{7AA42BF8-F0D9-4A56-8D2A-01E66BC6092D}.Release|x64.ActiveCfg = Release|Any CPU
		{7AA42BF8-F0D9-4A56-8D2A-01E66BC6092D}.Release|x64.Build.0 = Release|Any CPU
		{A246E98C-CB15-4379-B615-BBFF2BB267E7}.Debug|x64.ActiveCfg = Debug|Any CPU
		{A246E98C-CB15-4379-B615-BBFF2BB267E7}.Debug|x64.Build.0 = Debug|Any CPU
		{A246E98C-CB15-4379-B615-BBFF2BB267E7}.Release|x64.ActiveCfg = Release|Any CPU
		{A246E98C-CB15-4379-B615-BBFF2BB267E7}.Release|x64.Build.0 = Release|Any CPU
		{E2F25F95-06B8-4BE5-9EAD-2FEFF4FADA9B}.Debug|x64.ActiveCfg = Debug|Any CPU
		{E2F25F95-06B8-4BE5-9EAD-2FEFF4FADA9B}.Debug|x64.Build.0 = Debug|Any CPU
		{E2F25F95-06B8-4BE5-9EAD-2FEFF4FADA9B}.Release|x64.ActiveCfg = Release|Any CPU
		{E2F25F95-06B8-4BE5-9EAD-2FEFF4FADA9B}.Release|x64.Build.0 = Release|Any CPU
		{83E12DAF-9D70-4F7F-9503-AC4AE154689E}.Debug|x64.ActiveCfg = Debug|Any CPU
		{83E12DAF-9D70-4F7F-9503-AC4AE154689E}.Debug|x64.Build.0 = Debug|Any CPU
		{83E12DAF-9D70-4F7F-9503-AC4AE154689E}.Release|x64.ActiveCfg = Release|Any CPU
		{83E12DAF-9D70-4F7F-9503-AC4AE154689E}.Release|x64.Build.0 = Release|Any CPU
		{C45B3761-7DFF-4FA3-9AD9-3B4A07BB4849}.Debug|x64.ActiveCfg = Debug|Any CPU
		{C45B3761-7DFF-4FA3-9AD9-3B4A07BB4849}.Debug|x64.Build.0 = Debug|Any CPU
		{C45B3761-7DFF-4FA3-9AD9-3B4A07BB4849}.Release|x64.ActiveCfg = Release|Any CPU
		{C45B3761-7DFF-4FA3-9AD9-3B4A07BB4849}.Release|x64.Build.0 = Release|Any CPU
	EndGlobalSection
	GlobalSection(NestedProjects) = preSolution
		{CF1063D6-AB7A-41A0-AC60-1054EAA79E4A} = {4083B239-EF9F-4971-B1B1-5481CD3723BA}
		{9DBFEC7B-E075-4491-B0D2-92A5011384F5} = {4083B239-EF9F-4971-B1B1-5481CD3723BA}
		{B8E4D40D-0E7F-443B-94E4-3FD51AECE8BF} = {4083B239-EF9F-4971-B1B1-5481CD3723BA}
		{0CAF323A-E85E-40F3-83A5-DB29898417DC} = {4083B239-EF9F-4971-B1B1-5481CD3723BA}
		{8413A23B-55B5-4E72-A928-4B274BE60AA0} = {4083B239-EF9F-4971-B1B1-5481CD3723BA}
		{5B014A0E-7ED7-4706-9650-472119292140} = {4083B239-EF9F-4971-B1B1-5481CD3723BA}
		{4D7A3221-996E-4217-9834-7DFA46E3B15C} = {4083B239-EF9F-4971-B1B1-5481CD3723BA}
		{2E041C45-678A-4F4C-9599-F88679E73B2C} = {4083B239-EF9F-4971-B1B1-5481CD3723BA}
		{12AA56F1-6E6C-40EC-80F0-7A5960EE925B} = {4083B239-EF9F-4971-B1B1-5481CD3723BA}
		{32CC4C2A-DEF6-48C9-B771-6C43466ED493} = {2A415EC4-E50F-419C-9EF8-59366BCFF92D}
		{F318904D-1A2F-468D-9DB7-040D32527ED2} = {32CC4C2A-DEF6-48C9-B771-6C43466ED493}
		{248A9DA5-FE9B-4DC1-8F39-E1F40652E1D4} = {F318904D-1A2F-468D-9DB7-040D32527ED2}
		{CB6F672F-753D-4456-82BF-D17CF263091C} = {2A415EC4-E50F-419C-9EF8-59366BCFF92D}
		{E61D8C91-B8EE-4901-9B2C-52D687954577} = {CB6F672F-753D-4456-82BF-D17CF263091C}
		{CB5E156B-D6F8-4159-BAAB-EFECA73A4EEF} = {E61D8C91-B8EE-4901-9B2C-52D687954577}
		{46A96FD7-6344-4464-864F-F4014061931D} = {2A415EC4-E50F-419C-9EF8-59366BCFF92D}
		{C41324E4-EBEB-48DF-BF0E-42C04F633FC4} = {46A96FD7-6344-4464-864F-F4014061931D}
		{AA5F4209-3A8D-4DA2-A2D7-A6BB4D68C115} = {2A415EC4-E50F-419C-9EF8-59366BCFF92D}
		{3A41DD4F-F114-40E1-8A59-DB9F05B710F2} = {AA5F4209-3A8D-4DA2-A2D7-A6BB4D68C115}
		{E1D2522B-312A-4046-ACC5-A5C395EFA9A3} = {2A415EC4-E50F-419C-9EF8-59366BCFF92D}
		{ECC5939D-9279-4F76-9D1F-2868C8507ADE} = {E1D2522B-312A-4046-ACC5-A5C395EFA9A3}
		{096BDB2E-FE2A-4C07-91FE-EA193B711DCD} = {2A415EC4-E50F-419C-9EF8-59366BCFF92D}
		{8AD351F3-07A2-48B1-BAF0-13618CD3D78F} = {096BDB2E-FE2A-4C07-91FE-EA193B711DCD}
		{B2DF8B3E-CCA4-49D7-8525-624D4FC1DE2A} = {096BDB2E-FE2A-4C07-91FE-EA193B711DCD}
		{A0C90932-8755-4967-B659-7D88E27EAFC6} = {B2DF8B3E-CCA4-49D7-8525-624D4FC1DE2A}
		{3295C80B-F002-471E-BC6C-0943905FB0D6} = {096BDB2E-FE2A-4C07-91FE-EA193B711DCD}
		{A388CA60-04B9-4A1E-8ACA-97CDCB3A99EE} = {3295C80B-F002-471E-BC6C-0943905FB0D6}
		{C6208F90-DAE6-4EBE-8E85-DF8F7AA8FB13} = {096BDB2E-FE2A-4C07-91FE-EA193B711DCD}
		{37F0D66B-7F13-4EDB-9C8C-4723E0816AE9} = {C6208F90-DAE6-4EBE-8E85-DF8F7AA8FB13}
		{7B0B180E-0F2F-4B73-8A9A-42143EFA4A3C} = {096BDB2E-FE2A-4C07-91FE-EA193B711DCD}
		{AD189BBD-F231-4024-B0C2-AC6F1DA1195A} = {7B0B180E-0F2F-4B73-8A9A-42143EFA4A3C}
		{EA3E9065-A478-4742-B107-E0C225E29774} = {096BDB2E-FE2A-4C07-91FE-EA193B711DCD}
		{AF3903AA-8BE4-44A3-809E-627989C7CACC} = {EA3E9065-A478-4742-B107-E0C225E29774}
		{5193ECE4-1646-47D3-8CF7-92B855A3AFD0} = {2A415EC4-E50F-419C-9EF8-59366BCFF92D}
		{B59DA02D-C9F5-49D3-9C53-5A81778627C3} = {5193ECE4-1646-47D3-8CF7-92B855A3AFD0}
		{7AA42BF8-F0D9-4A56-8D2A-01E66BC6092D} = {B59DA02D-C9F5-49D3-9C53-5A81778627C3}
		{7DF1333B-4080-4C76-BC87-19D09F1A7AE6} = {5193ECE4-1646-47D3-8CF7-92B855A3AFD0}
		{A246E98C-CB15-4379-B615-BBFF2BB267E7} = {7DF1333B-4080-4C76-BC87-19D09F1A7AE6}
		{22941B0A-2B66-4320-9010-729E1E160FC3} = {2A415EC4-E50F-419C-9EF8-59366BCFF92D}
		{E2F25F95-06B8-4BE5-9EAD-2FEFF4FADA9B} = {22941B0A-2B66-4320-9010-729E1E160FC3}
		{0E7CED69-D228-4BEE-B251-EC3E00969EDB} = {2A415EC4-E50F-419C-9EF8-59366BCFF92D}
		{83E12DAF-9D70-4F7F-9503-AC4AE154689E} = {0E7CED69-D228-4BEE-B251-EC3E00969EDB}
		{C877D3A3-1299-4B9E-BA6C-D17E9C82C25C} = {2A415EC4-E50F-419C-9EF8-59366BCFF92D}
		{C45B3761-7DFF-4FA3-9AD9-3B4A07BB4849} = {C877D3A3-1299-4B9E-BA6C-D17E9C82C25C}
	EndGlobalSection
EndGlobal

