
Microsoft Visual Studio Solution File, Format Version 12.00
# Visual Studio 15
VisualStudioVersion = 15.0.28307.168
MinimumVisualStudioVersion = 10.0.40219.1
Project("{D954291E-2A0B-460D-934E-DC6B0785DB48}") = "GameModule", "GameModule\GameModule.shproj", "{1C57DE8B-EC71-48A3-A8CF-3AC51E13B231}"
EndProject
Project("{2150E333-8FDC-42A3-9474-1A3956D46DE8}") = "Platform", "Platform", "{CC621C2D-BA04-4F53-8109-F8480426A3F9}"
EndProject
Project("{FAE04EC0-301F-11D3-BF4B-00C04F79EFBC}") = "Game.Windows", "Game.Windows\Game.Windows.csproj", "{FE00230C-A0F6-4ACD-9B93-FE4B3B1D8943}"
EndProject
Project("{FAE04EC0-301F-11D3-BF4B-00C04F79EFBC}") = "Batman.Droid", "Batman.Droid\Batman.Droid.csproj", "{3BC0AC7E-3B3B-4D3F-9CC0-B2BDECC460A6}"
EndProject
Project("{FAE04EC0-301F-11D3-BF4B-00C04F79EFBC}") = "Game.Android", "Game.Android\Game.Android.csproj", "{DA4FCF5E-49EF-4CDF-B0D6-A9ACA1C28F52}"
EndProject
Project("{D954291E-2A0B-460D-934E-DC6B0785DB48}") = "Macross.Generated", "Macross.Generated\Macross.Generated.shproj", "{4D6C957A-1F05-4E74-9A9A-E17A21D5A96F}"
EndProject
Project("{FAE04EC0-301F-11D3-BF4B-00C04F79EFBC}") = "Batman.IOS", "Batman.IOS\Batman.IOS.csproj", "{101E3060-8799-4119-8A7A-4F86A01C0C84}"
EndProject
Global
	GlobalSection(SharedMSBuildProjectFiles) = preSolution
		GameModule\GameModule.projitems*{101e3060-8799-4119-8a7a-4f86a01c0c84}*SharedItemsImports = 4
		Macross.Generated\Macross.Generated.projitems*{101e3060-8799-4119-8a7a-4f86a01c0c84}*SharedItemsImports = 4
		GameModule\GameModule.projitems*{1c57de8b-ec71-48a3-a8cf-3ac51e13b231}*SharedItemsImports = 13
		Macross.Generated\Macross.Generated.projitems*{4d6c957a-1f05-4e74-9a9a-e17a21d5a96f}*SharedItemsImports = 13
		..\..\..\CSharpCore\Bricks\EnsureFile\EnsureFile.projitems*{da4fcf5e-49ef-4cdf-b0d6-a9aca1c28f52}*SharedItemsImports = 4
		GameModule\GameModule.projitems*{da4fcf5e-49ef-4cdf-b0d6-a9aca1c28f52}*SharedItemsImports = 4
		Macross.Generated\Macross.Generated.projitems*{da4fcf5e-49ef-4cdf-b0d6-a9aca1c28f52}*SharedItemsImports = 4
		GameModule\GameModule.projitems*{fe00230c-a0f6-4acd-9b93-fe4b3b1d8943}*SharedItemsImports = 4
		Macross.Generated\Macross.Generated.projitems*{fe00230c-a0f6-4acd-9b93-fe4b3b1d8943}*SharedItemsImports = 4
	EndGlobalSection
	GlobalSection(SolutionConfigurationPlatforms) = preSolution
		Debug|Any CPU = Debug|Any CPU
		Debug|iPhone = Debug|iPhone
		Debug|iPhoneSimulator = Debug|iPhoneSimulator
		Release|Any CPU = Release|Any CPU
		Release|iPhone = Release|iPhone
		Release|iPhoneSimulator = Release|iPhoneSimulator
	EndGlobalSection
	GlobalSection(ProjectConfigurationPlatforms) = postSolution
		{FE00230C-A0F6-4ACD-9B93-FE4B3B1D8943}.Debug|Any CPU.ActiveCfg = Debug|Any CPU
		{FE00230C-A0F6-4ACD-9B93-FE4B3B1D8943}.Debug|Any CPU.Build.0 = Debug|Any CPU
		{FE00230C-A0F6-4ACD-9B93-FE4B3B1D8943}.Debug|iPhone.ActiveCfg = Debug|Any CPU
		{FE00230C-A0F6-4ACD-9B93-FE4B3B1D8943}.Debug|iPhone.Build.0 = Debug|Any CPU
		{FE00230C-A0F6-4ACD-9B93-FE4B3B1D8943}.Debug|iPhoneSimulator.ActiveCfg = Debug|Any CPU
		{FE00230C-A0F6-4ACD-9B93-FE4B3B1D8943}.Debug|iPhoneSimulator.Build.0 = Debug|Any CPU
		{FE00230C-A0F6-4ACD-9B93-FE4B3B1D8943}.Release|Any CPU.ActiveCfg = Release|Any CPU
		{FE00230C-A0F6-4ACD-9B93-FE4B3B1D8943}.Release|Any CPU.Build.0 = Release|Any CPU
		{FE00230C-A0F6-4ACD-9B93-FE4B3B1D8943}.Release|iPhone.ActiveCfg = Release|Any CPU
		{FE00230C-A0F6-4ACD-9B93-FE4B3B1D8943}.Release|iPhone.Build.0 = Release|Any CPU
		{FE00230C-A0F6-4ACD-9B93-FE4B3B1D8943}.Release|iPhoneSimulator.ActiveCfg = Release|Any CPU
		{FE00230C-A0F6-4ACD-9B93-FE4B3B1D8943}.Release|iPhoneSimulator.Build.0 = Release|Any CPU
		{3BC0AC7E-3B3B-4D3F-9CC0-B2BDECC460A6}.Debug|Any CPU.ActiveCfg = Debug|Any CPU
		{3BC0AC7E-3B3B-4D3F-9CC0-B2BDECC460A6}.Debug|Any CPU.Build.0 = Debug|Any CPU
		{3BC0AC7E-3B3B-4D3F-9CC0-B2BDECC460A6}.Debug|Any CPU.Deploy.0 = Debug|Any CPU
		{3BC0AC7E-3B3B-4D3F-9CC0-B2BDECC460A6}.Debug|iPhone.ActiveCfg = Debug|Any CPU
		{3BC0AC7E-3B3B-4D3F-9CC0-B2BDECC460A6}.Debug|iPhone.Build.0 = Debug|Any CPU
		{3BC0AC7E-3B3B-4D3F-9CC0-B2BDECC460A6}.Debug|iPhone.Deploy.0 = Debug|Any CPU
		{3BC0AC7E-3B3B-4D3F-9CC0-B2BDECC460A6}.Debug|iPhoneSimulator.ActiveCfg = Debug|Any CPU
		{3BC0AC7E-3B3B-4D3F-9CC0-B2BDECC460A6}.Debug|iPhoneSimulator.Build.0 = Debug|Any CPU
		{3BC0AC7E-3B3B-4D3F-9CC0-B2BDECC460A6}.Debug|iPhoneSimulator.Deploy.0 = Debug|Any CPU
		{3BC0AC7E-3B3B-4D3F-9CC0-B2BDECC460A6}.Release|Any CPU.ActiveCfg = Release|Any CPU
		{3BC0AC7E-3B3B-4D3F-9CC0-B2BDECC460A6}.Release|Any CPU.Build.0 = Release|Any CPU
		{3BC0AC7E-3B3B-4D3F-9CC0-B2BDECC460A6}.Release|Any CPU.Deploy.0 = Release|Any CPU
		{3BC0AC7E-3B3B-4D3F-9CC0-B2BDECC460A6}.Release|iPhone.ActiveCfg = Release|Any CPU
		{3BC0AC7E-3B3B-4D3F-9CC0-B2BDECC460A6}.Release|iPhone.Build.0 = Release|Any CPU
		{3BC0AC7E-3B3B-4D3F-9CC0-B2BDECC460A6}.Release|iPhone.Deploy.0 = Release|Any CPU
		{3BC0AC7E-3B3B-4D3F-9CC0-B2BDECC460A6}.Release|iPhoneSimulator.ActiveCfg = Release|Any CPU
		{3BC0AC7E-3B3B-4D3F-9CC0-B2BDECC460A6}.Release|iPhoneSimulator.Build.0 = Release|Any CPU
		{3BC0AC7E-3B3B-4D3F-9CC0-B2BDECC460A6}.Release|iPhoneSimulator.Deploy.0 = Release|Any CPU
		{DA4FCF5E-49EF-4CDF-B0D6-A9ACA1C28F52}.Debug|Any CPU.ActiveCfg = Debug|Any CPU
		{DA4FCF5E-49EF-4CDF-B0D6-A9ACA1C28F52}.Debug|Any CPU.Build.0 = Debug|Any CPU
		{DA4FCF5E-49EF-4CDF-B0D6-A9ACA1C28F52}.Debug|iPhone.ActiveCfg = Debug|Any CPU
		{DA4FCF5E-49EF-4CDF-B0D6-A9ACA1C28F52}.Debug|iPhone.Build.0 = Debug|Any CPU
		{DA4FCF5E-49EF-4CDF-B0D6-A9ACA1C28F52}.Debug|iPhoneSimulator.ActiveCfg = Debug|Any CPU
		{DA4FCF5E-49EF-4CDF-B0D6-A9ACA1C28F52}.Debug|iPhoneSimulator.Build.0 = Debug|Any CPU
		{DA4FCF5E-49EF-4CDF-B0D6-A9ACA1C28F52}.Release|Any CPU.ActiveCfg = Release|Any CPU
		{DA4FCF5E-49EF-4CDF-B0D6-A9ACA1C28F52}.Release|Any CPU.Build.0 = Release|Any CPU
		{DA4FCF5E-49EF-4CDF-B0D6-A9ACA1C28F52}.Release|iPhone.ActiveCfg = Release|Any CPU
		{DA4FCF5E-49EF-4CDF-B0D6-A9ACA1C28F52}.Release|iPhone.Build.0 = Release|Any CPU
		{DA4FCF5E-49EF-4CDF-B0D6-A9ACA1C28F52}.Release|iPhoneSimulator.ActiveCfg = Release|Any CPU
		{DA4FCF5E-49EF-4CDF-B0D6-A9ACA1C28F52}.Release|iPhoneSimulator.Build.0 = Release|Any CPU
		{101E3060-8799-4119-8A7A-4F86A01C0C84}.Debug|Any CPU.ActiveCfg = Debug|iPhone
		{101E3060-8799-4119-8A7A-4F86A01C0C84}.Debug|iPhone.ActiveCfg = Debug|iPhone
		{101E3060-8799-4119-8A7A-4F86A01C0C84}.Debug|iPhone.Build.0 = Debug|iPhone
		{101E3060-8799-4119-8A7A-4F86A01C0C84}.Debug|iPhoneSimulator.ActiveCfg = Debug|iPhoneSimulator
		{101E3060-8799-4119-8A7A-4F86A01C0C84}.Debug|iPhoneSimulator.Build.0 = Debug|iPhoneSimulator
		{101E3060-8799-4119-8A7A-4F86A01C0C84}.Release|Any CPU.ActiveCfg = Release|iPhone
		{101E3060-8799-4119-8A7A-4F86A01C0C84}.Release|iPhone.ActiveCfg = Release|iPhone
		{101E3060-8799-4119-8A7A-4F86A01C0C84}.Release|iPhone.Build.0 = Release|iPhone
		{101E3060-8799-4119-8A7A-4F86A01C0C84}.Release|iPhoneSimulator.ActiveCfg = Release|iPhoneSimulator
		{101E3060-8799-4119-8A7A-4F86A01C0C84}.Release|iPhoneSimulator.Build.0 = Release|iPhoneSimulator
	EndGlobalSection
	GlobalSection(SolutionProperties) = preSolution
		HideSolutionNode = FALSE
	EndGlobalSection
	GlobalSection(NestedProjects) = preSolution
		{FE00230C-A0F6-4ACD-9B93-FE4B3B1D8943} = {CC621C2D-BA04-4F53-8109-F8480426A3F9}
		{3BC0AC7E-3B3B-4D3F-9CC0-B2BDECC460A6} = {CC621C2D-BA04-4F53-8109-F8480426A3F9}
		{DA4FCF5E-49EF-4CDF-B0D6-A9ACA1C28F52} = {CC621C2D-BA04-4F53-8109-F8480426A3F9}
		{101E3060-8799-4119-8A7A-4F86A01C0C84} = {CC621C2D-BA04-4F53-8109-F8480426A3F9}
	EndGlobalSection
	GlobalSection(ExtensibilityGlobals) = postSolution
		SolutionGuid = {BD50FFEA-CE45-4B35-A53A-AA2583A330D6}
	EndGlobalSection
EndGlobal
