<?xml version="1.0" encoding="utf-8"?>
<Project ToolsVersion="4.0" xmlns="http://schemas.microsoft.com/developer/msbuild/2003">
  <ItemGroup>
    <Filter Include="include">
      <UniqueIdentifier>{08f6aa98-03a0-4a5c-b827-f75f297e620e}</UniqueIdentifier>
    </Filter>
  </ItemGroup>
  <ItemGroup>
    <ClInclude Include="$(MSBuildThisFileDirectory)meshoptimizer.h">
      <Filter>include</Filter>
    </ClInclude>
  </ItemGroup>
  <ItemGroup>
    <None Include="$(MSBuildThisFileDirectory)LICENSE.md" />
  </ItemGroup>
  <ItemGroup>
    <ClCompile Include="$(MSBuildThisFileDirectory)allocator.cpp" />
    <ClCompile Include="$(MSBuildThisFileDirectory)clusterizer.cpp" />
    <ClCompile Include="$(MSBuildThisFileDirectory)indexcodec.cpp" />
    <ClCompile Include="$(MSBuildThisFileDirectory)indexgenerator.cpp" />
    <ClCompile Include="$(MSBuildThisFileDirectory)overdrawanalyzer.cpp" />
    <ClCompile Include="$(MSBuildThisFileDirectory)overdrawoptimizer.cpp" />
    <ClCompile Include="$(MSBuildThisFileDirectory)simplifier.cpp" />
    <ClCompile Include="$(MSBuildThisFileDirectory)spatialorder.cpp" />
    <ClCompile Include="$(MSBuildThisFileDirectory)stripifier.cpp" />
    <ClCompile Include="$(MSBuildThisFileDirectory)vcacheanalyzer.cpp" />
    <ClCompile Include="$(MSBuildThisFileDirectory)vcacheoptimizer.cpp" />
    <ClCompile Include="$(MSBuildThisFileDirectory)vertexcodec.cpp" />
    <ClCompile Include="$(MSBuildThisFileDirectory)vertexfilter.cpp" />
    <ClCompile Include="$(MSBuildThisFileDirectory)vfetchanalyzer.cpp" />
    <ClCompile Include="$(MSBuildThisFileDirectory)vfetchoptimizer.cpp" />
  </ItemGroup>
</Project>