<?xml version="1.0" encoding="utf-8"?>
<Project ToolsVersion="4.0" xmlns="http://schemas.microsoft.com/developer/msbuild/2003">
  <ItemGroup>
    <ClInclude Include="Core_IOS.h" />
    <ClInclude Include="..\..\Native\3rd\PhysX-3.4\PhysX_3.4\Include\PxActor.h">
      <Filter>3rd\PhysX3.4</Filter>
    </ClInclude>
    <ClInclude Include="..\..\Native\3rd\PhysX-3.4\PhysX_3.4\Include\PxAggregate.h">
      <Filter>3rd\PhysX3.4</Filter>
    </ClInclude>
    <ClInclude Include="..\..\Native\3rd\PhysX-3.4\PhysX_3.4\Include\PxArticulation.h">
      <Filter>3rd\PhysX3.4</Filter>
    </ClInclude>
    <ClInclude Include="..\..\Native\3rd\PhysX-3.4\PhysX_3.4\Include\PxArticulationJoint.h">
      <Filter>3rd\PhysX3.4</Filter>
    </ClInclude>
    <ClInclude Include="..\..\Native\3rd\PhysX-3.4\PhysX_3.4\Include\PxArticulationLink.h">
      <Filter>3rd\PhysX3.4</Filter>
    </ClInclude>
    <ClInclude Include="..\..\Native\3rd\PhysX-3.4\PhysX_3.4\Include\PxBatchQuery.h">
      <Filter>3rd\PhysX3.4</Filter>
    </ClInclude>
    <ClInclude Include="..\..\Native\3rd\PhysX-3.4\PhysX_3.4\Include\PxBatchQueryDesc.h">
      <Filter>3rd\PhysX3.4</Filter>
    </ClInclude>
    <ClInclude Include="..\..\Native\3rd\PhysX-3.4\PhysX_3.4\Include\PxBroadPhase.h">
      <Filter>3rd\PhysX3.4</Filter>
    </ClInclude>
    <ClInclude Include="..\..\Native\3rd\PhysX-3.4\PhysX_3.4\Include\PxClient.h">
      <Filter>3rd\PhysX3.4</Filter>
    </ClInclude>
    <ClInclude Include="..\..\Native\3rd\PhysX-3.4\PhysX_3.4\Include\PxConstraint.h">
      <Filter>3rd\PhysX3.4</Filter>
    </ClInclude>
    <ClInclude Include="..\..\Native\3rd\PhysX-3.4\PhysX_3.4\Include\PxConstraintDesc.h">
      <Filter>3rd\PhysX3.4</Filter>
    </ClInclude>
    <ClInclude Include="..\..\Native\3rd\PhysX-3.4\PhysX_3.4\Include\PxContact.h">
      <Filter>3rd\PhysX3.4</Filter>
    </ClInclude>
    <ClInclude Include="..\..\Native\3rd\PhysX-3.4\PhysX_3.4\Include\PxContactModifyCallback.h">
      <Filter>3rd\PhysX3.4</Filter>
    </ClInclude>
    <ClInclude Include="..\..\Native\3rd\PhysX-3.4\PhysX_3.4\Include\PxDeletionListener.h">
      <Filter>3rd\PhysX3.4</Filter>
    </ClInclude>
    <ClInclude Include="..\..\Native\3rd\PhysX-3.4\PhysX_3.4\Include\PxFiltering.h">
      <Filter>3rd\PhysX3.4</Filter>
    </ClInclude>
    <ClInclude Include="..\..\Native\3rd\PhysX-3.4\PhysX_3.4\Include\PxForceMode.h">
      <Filter>3rd\PhysX3.4</Filter>
    </ClInclude>
    <ClInclude Include="..\..\Native\3rd\PhysX-3.4\PhysX_3.4\Include\PxImmediateMode.h">
      <Filter>3rd\PhysX3.4</Filter>
    </ClInclude>
    <ClInclude Include="..\..\Native\3rd\PhysX-3.4\PhysX_3.4\Include\PxLockedData.h">
      <Filter>3rd\PhysX3.4</Filter>
    </ClInclude>
    <ClInclude Include="..\..\Native\3rd\PhysX-3.4\PhysX_3.4\Include\PxMaterial.h">
      <Filter>3rd\PhysX3.4</Filter>
    </ClInclude>
    <ClInclude Include="..\..\Native\3rd\PhysX-3.4\PhysX_3.4\Include\PxPhysics.h">
      <Filter>3rd\PhysX3.4</Filter>
    </ClInclude>
    <ClInclude Include="..\..\Native\3rd\PhysX-3.4\PhysX_3.4\Include\PxPhysicsAPI.h">
      <Filter>3rd\PhysX3.4</Filter>
    </ClInclude>
    <ClInclude Include="..\..\Native\3rd\PhysX-3.4\PhysX_3.4\Include\PxPhysicsSerialization.h">
      <Filter>3rd\PhysX3.4</Filter>
    </ClInclude>
    <ClInclude Include="..\..\Native\3rd\PhysX-3.4\PhysX_3.4\Include\PxPhysicsVersion.h">
      <Filter>3rd\PhysX3.4</Filter>
    </ClInclude>
    <ClInclude Include="..\..\Native\3rd\PhysX-3.4\PhysX_3.4\Include\PxPhysXConfig.h">
      <Filter>3rd\PhysX3.4</Filter>
    </ClInclude>
    <ClInclude Include="..\..\Native\3rd\PhysX-3.4\PhysX_3.4\Include\PxPruningStructure.h">
      <Filter>3rd\PhysX3.4</Filter>
    </ClInclude>
    <ClInclude Include="..\..\Native\3rd\PhysX-3.4\PhysX_3.4\Include\PxQueryFiltering.h">
      <Filter>3rd\PhysX3.4</Filter>
    </ClInclude>
    <ClInclude Include="..\..\Native\3rd\PhysX-3.4\PhysX_3.4\Include\PxQueryReport.h">
      <Filter>3rd\PhysX3.4</Filter>
    </ClInclude>
    <ClInclude Include="..\..\Native\3rd\PhysX-3.4\PhysX_3.4\Include\PxRigidActor.h">
      <Filter>3rd\PhysX3.4</Filter>
    </ClInclude>
    <ClInclude Include="..\..\Native\3rd\PhysX-3.4\PhysX_3.4\Include\PxRigidBody.h">
      <Filter>3rd\PhysX3.4</Filter>
    </ClInclude>
    <ClInclude Include="..\..\Native\3rd\PhysX-3.4\PhysX_3.4\Include\PxRigidDynamic.h">
      <Filter>3rd\PhysX3.4</Filter>
    </ClInclude>
    <ClInclude Include="..\..\Native\3rd\PhysX-3.4\PhysX_3.4\Include\PxRigidStatic.h">
      <Filter>3rd\PhysX3.4</Filter>
    </ClInclude>
    <ClInclude Include="..\..\Native\3rd\PhysX-3.4\PhysX_3.4\Include\PxScene.h">
      <Filter>3rd\PhysX3.4</Filter>
    </ClInclude>
    <ClInclude Include="..\..\Native\3rd\PhysX-3.4\PhysX_3.4\Include\PxSceneDesc.h">
      <Filter>3rd\PhysX3.4</Filter>
    </ClInclude>
    <ClInclude Include="..\..\Native\3rd\PhysX-3.4\PhysX_3.4\Include\PxSceneLock.h">
      <Filter>3rd\PhysX3.4</Filter>
    </ClInclude>
    <ClInclude Include="..\..\Native\3rd\PhysX-3.4\PhysX_3.4\Include\PxShape.h">
      <Filter>3rd\PhysX3.4</Filter>
    </ClInclude>
    <ClInclude Include="..\..\Native\3rd\PhysX-3.4\PhysX_3.4\Include\PxSimulationEventCallback.h">
      <Filter>3rd\PhysX3.4</Filter>
    </ClInclude>
    <ClInclude Include="..\..\Native\3rd\PhysX-3.4\PhysX_3.4\Include\PxSimulationStatistics.h">
      <Filter>3rd\PhysX3.4</Filter>
    </ClInclude>
    <ClInclude Include="..\..\Native\3rd\PhysX-3.4\PhysX_3.4\Include\PxSpatialIndex.h">
      <Filter>3rd\PhysX3.4</Filter>
    </ClInclude>
    <ClInclude Include="..\..\Native\3rd\PhysX-3.4\PhysX_3.4\Include\PxVisualizationParameter.h">
      <Filter>3rd\PhysX3.4</Filter>
    </ClInclude>
    <ClInclude Include="..\..\Native\3rd\PhysX-3.4\PhysX_3.4\Include\PxVolumeCache.h">
      <Filter>3rd\PhysX3.4</Filter>
    </ClInclude>
    <ClInclude Include="..\..\Native\3rd\PhysX-3.4\PhysX_3.4\Include\characterkinematic\PxBoxController.h">
      <Filter>3rd\PhysX3.4\characterkinematic</Filter>
    </ClInclude>
    <ClInclude Include="..\..\Native\3rd\PhysX-3.4\PhysX_3.4\Include\characterkinematic\PxCapsuleController.h">
      <Filter>3rd\PhysX3.4\characterkinematic</Filter>
    </ClInclude>
    <ClInclude Include="..\..\Native\3rd\PhysX-3.4\PhysX_3.4\Include\characterkinematic\PxCharacter.h">
      <Filter>3rd\PhysX3.4\characterkinematic</Filter>
    </ClInclude>
    <ClInclude Include="..\..\Native\3rd\PhysX-3.4\PhysX_3.4\Include\characterkinematic\PxController.h">
      <Filter>3rd\PhysX3.4\characterkinematic</Filter>
    </ClInclude>
    <ClInclude Include="..\..\Native\3rd\PhysX-3.4\PhysX_3.4\Include\characterkinematic\PxControllerBehavior.h">
      <Filter>3rd\PhysX3.4\characterkinematic</Filter>
    </ClInclude>
    <ClInclude Include="..\..\Native\3rd\PhysX-3.4\PhysX_3.4\Include\characterkinematic\PxControllerManager.h">
      <Filter>3rd\PhysX3.4\characterkinematic</Filter>
    </ClInclude>
    <ClInclude Include="..\..\Native\3rd\PhysX-3.4\PhysX_3.4\Include\characterkinematic\PxControllerObstacles.h">
      <Filter>3rd\PhysX3.4\characterkinematic</Filter>
    </ClInclude>
    <ClInclude Include="..\..\Native\3rd\PhysX-3.4\PhysX_3.4\Include\characterkinematic\PxExtended.h">
      <Filter>3rd\PhysX3.4\characterkinematic</Filter>
    </ClInclude>
    <ClInclude Include="..\..\Native\3rd\PhysX-3.4\PhysX_3.4\Include\cloth\PxCloth.h">
      <Filter>3rd\PhysX3.4\cloth</Filter>
    </ClInclude>
    <ClInclude Include="..\..\Native\3rd\PhysX-3.4\PhysX_3.4\Include\cloth\PxClothCollisionData.h">
      <Filter>3rd\PhysX3.4\cloth</Filter>
    </ClInclude>
    <ClInclude Include="..\..\Native\3rd\PhysX-3.4\PhysX_3.4\Include\cloth\PxClothFabric.h">
      <Filter>3rd\PhysX3.4\cloth</Filter>
    </ClInclude>
    <ClInclude Include="..\..\Native\3rd\PhysX-3.4\PhysX_3.4\Include\cloth\PxClothParticleData.h">
      <Filter>3rd\PhysX3.4\cloth</Filter>
    </ClInclude>
    <ClInclude Include="..\..\Native\3rd\PhysX-3.4\PhysX_3.4\Include\cloth\PxClothTypes.h">
      <Filter>3rd\PhysX3.4\cloth</Filter>
    </ClInclude>
    <ClInclude Include="..\..\Native\3rd\PhysX-3.4\PhysX_3.4\Include\collision\PxCollisionDefs.h">
      <Filter>3rd\PhysX3.4\collision</Filter>
    </ClInclude>
    <ClInclude Include="..\..\Native\3rd\PhysX-3.4\PhysX_3.4\Include\common\PxBase.h">
      <Filter>3rd\PhysX3.4\common</Filter>
    </ClInclude>
    <ClInclude Include="..\..\Native\3rd\PhysX-3.4\PhysX_3.4\Include\common\PxCollection.h">
      <Filter>3rd\PhysX3.4\common</Filter>
    </ClInclude>
    <ClInclude Include="..\..\Native\3rd\PhysX-3.4\PhysX_3.4\Include\common\PxCoreUtilityTypes.h">
      <Filter>3rd\PhysX3.4\common</Filter>
    </ClInclude>
    <ClInclude Include="..\..\Native\3rd\PhysX-3.4\PhysX_3.4\Include\common\PxMetaData.h">
      <Filter>3rd\PhysX3.4\common</Filter>
    </ClInclude>
    <ClInclude Include="..\..\Native\3rd\PhysX-3.4\PhysX_3.4\Include\common\PxMetaDataFlags.h">
      <Filter>3rd\PhysX3.4\common</Filter>
    </ClInclude>
    <ClInclude Include="..\..\Native\3rd\PhysX-3.4\PhysX_3.4\Include\common\PxPhysicsInsertionCallback.h">
      <Filter>3rd\PhysX3.4\common</Filter>
    </ClInclude>
    <ClInclude Include="..\..\Native\3rd\PhysX-3.4\PhysX_3.4\Include\common\PxPhysXCommonConfig.h">
      <Filter>3rd\PhysX3.4\common</Filter>
    </ClInclude>
    <ClInclude Include="..\..\Native\3rd\PhysX-3.4\PhysX_3.4\Include\common\PxRenderBuffer.h">
      <Filter>3rd\PhysX3.4\common</Filter>
    </ClInclude>
    <ClInclude Include="..\..\Native\3rd\PhysX-3.4\PhysX_3.4\Include\common\PxSerialFramework.h">
      <Filter>3rd\PhysX3.4\common</Filter>
    </ClInclude>
    <ClInclude Include="..\..\Native\3rd\PhysX-3.4\PhysX_3.4\Include\common\PxSerializer.h">
      <Filter>3rd\PhysX3.4\common</Filter>
    </ClInclude>
    <ClInclude Include="..\..\Native\3rd\PhysX-3.4\PhysX_3.4\Include\common\PxStringTable.h">
      <Filter>3rd\PhysX3.4\common</Filter>
    </ClInclude>
    <ClInclude Include="..\..\Native\3rd\PhysX-3.4\PhysX_3.4\Include\common\PxTolerancesScale.h">
      <Filter>3rd\PhysX3.4\common</Filter>
    </ClInclude>
    <ClInclude Include="..\..\Native\3rd\PhysX-3.4\PhysX_3.4\Include\common\PxTypeInfo.h">
      <Filter>3rd\PhysX3.4\common</Filter>
    </ClInclude>
    <ClInclude Include="..\..\Native\3rd\PhysX-3.4\PhysX_3.4\Include\common\windows\PxWindowsDelayLoadHook.h">
      <Filter>3rd\PhysX3.4\common\windows</Filter>
    </ClInclude>
    <ClInclude Include="..\..\Native\3rd\PhysX-3.4\PhysX_3.4\Include\cooking\PxBVH33MidphaseDesc.h">
      <Filter>3rd\PhysX3.4\cooking</Filter>
    </ClInclude>
    <ClInclude Include="..\..\Native\3rd\PhysX-3.4\PhysX_3.4\Include\cooking\PxBVH34MidphaseDesc.h">
      <Filter>3rd\PhysX3.4\cooking</Filter>
    </ClInclude>
    <ClInclude Include="..\..\Native\3rd\PhysX-3.4\PhysX_3.4\Include\cooking\Pxc.h">
      <Filter>3rd\PhysX3.4\cooking</Filter>
    </ClInclude>
    <ClInclude Include="..\..\Native\3rd\PhysX-3.4\PhysX_3.4\Include\cooking\PxConvexMeshDesc.h">
      <Filter>3rd\PhysX3.4\cooking</Filter>
    </ClInclude>
    <ClInclude Include="..\..\Native\3rd\PhysX-3.4\PhysX_3.4\Include\cooking\PxCooking.h">
      <Filter>3rd\PhysX3.4\cooking</Filter>
    </ClInclude>
    <ClInclude Include="..\..\Native\3rd\PhysX-3.4\PhysX_3.4\Include\cooking\PxMidphaseDesc.h">
      <Filter>3rd\PhysX3.4\cooking</Filter>
    </ClInclude>
    <ClInclude Include="..\..\Native\3rd\PhysX-3.4\PhysX_3.4\Include\cooking\PxTriangleMeshDesc.h">
      <Filter>3rd\PhysX3.4\cooking</Filter>
    </ClInclude>
    <ClInclude Include="..\..\Native\3rd\PhysX-3.4\PhysX_3.4\Include\extensions\PxBinaryConverter.h">
      <Filter>3rd\PhysX3.4\extensions</Filter>
    </ClInclude>
    <ClInclude Include="..\..\Native\3rd\PhysX-3.4\PhysX_3.4\Include\extensions\PxBroadPhaseExt.h">
      <Filter>3rd\PhysX3.4\extensions</Filter>
    </ClInclude>
    <ClInclude Include="..\..\Native\3rd\PhysX-3.4\PhysX_3.4\Include\extensions\PxClothFabricCooker.h">
      <Filter>3rd\PhysX3.4\extensions</Filter>
    </ClInclude>
    <ClInclude Include="..\..\Native\3rd\PhysX-3.4\PhysX_3.4\Include\extensions\PxClothMeshDesc.h">
      <Filter>3rd\PhysX3.4\extensions</Filter>
    </ClInclude>
    <ClInclude Include="..\..\Native\3rd\PhysX-3.4\PhysX_3.4\Include\extensions\PxClothMeshQuadifier.h">
      <Filter>3rd\PhysX3.4\extensions</Filter>
    </ClInclude>
    <ClInclude Include="..\..\Native\3rd\PhysX-3.4\PhysX_3.4\Include\extensions\PxClothTetherCooker.h">
      <Filter>3rd\PhysX3.4\extensions</Filter>
    </ClInclude>
    <ClInclude Include="..\..\Native\3rd\PhysX-3.4\PhysX_3.4\Include\extensions\PxCollectionExt.h">
      <Filter>3rd\PhysX3.4\extensions</Filter>
    </ClInclude>
    <ClInclude Include="..\..\Native\3rd\PhysX-3.4\PhysX_3.4\Include\extensions\PxConstraintExt.h">
      <Filter>3rd\PhysX3.4\extensions</Filter>
    </ClInclude>
    <ClInclude Include="..\..\Native\3rd\PhysX-3.4\PhysX_3.4\Include\extensions\PxConvexMeshExt.h">
      <Filter>3rd\PhysX3.4\extensions</Filter>
    </ClInclude>
    <ClInclude Include="..\..\Native\3rd\PhysX-3.4\PhysX_3.4\Include\extensions\PxD6Joint.h">
      <Filter>3rd\PhysX3.4\extensions</Filter>
    </ClInclude>
    <ClInclude Include="..\..\Native\3rd\PhysX-3.4\PhysX_3.4\Include\extensions\PxDefaultAllocator.h">
      <Filter>3rd\PhysX3.4\extensions</Filter>
    </ClInclude>
    <ClInclude Include="..\..\Native\3rd\PhysX-3.4\PhysX_3.4\Include\extensions\PxDefaultCpuDispatcher.h">
      <Filter>3rd\PhysX3.4\extensions</Filter>
    </ClInclude>
    <ClInclude Include="..\..\Native\3rd\PhysX-3.4\PhysX_3.4\Include\extensions\PxDefaultErrorCallback.h">
      <Filter>3rd\PhysX3.4\extensions</Filter>
    </ClInclude>
    <ClInclude Include="..\..\Native\3rd\PhysX-3.4\PhysX_3.4\Include\extensions\PxDefaultSimulationFilterShader.h">
      <Filter>3rd\PhysX3.4\extensions</Filter>
    </ClInclude>
    <ClInclude Include="..\..\Native\3rd\PhysX-3.4\PhysX_3.4\Include\extensions\PxDefaultStreams.h">
      <Filter>3rd\PhysX3.4\extensions</Filter>
    </ClInclude>
    <ClInclude Include="..\..\Native\3rd\PhysX-3.4\PhysX_3.4\Include\extensions\PxDistanceJoint.h">
      <Filter>3rd\PhysX3.4\extensions</Filter>
    </ClInclude>
    <ClInclude Include="..\..\Native\3rd\PhysX-3.4\PhysX_3.4\Include\extensions\PxExtensionsAPI.h">
      <Filter>3rd\PhysX3.4\extensions</Filter>
    </ClInclude>
    <ClInclude Include="..\..\Native\3rd\PhysX-3.4\PhysX_3.4\Include\extensions\PxFixedJoint.h">
      <Filter>3rd\PhysX3.4\extensions</Filter>
    </ClInclude>
    <ClInclude Include="..\..\Native\3rd\PhysX-3.4\PhysX_3.4\Include\extensions\PxJoint.h">
      <Filter>3rd\PhysX3.4\extensions</Filter>
    </ClInclude>
    <ClInclude Include="..\..\Native\3rd\PhysX-3.4\PhysX_3.4\Include\extensions\PxJointLimit.h">
      <Filter>3rd\PhysX3.4\extensions</Filter>
    </ClInclude>
    <ClInclude Include="..\..\Native\3rd\PhysX-3.4\PhysX_3.4\Include\extensions\PxMassProperties.h">
      <Filter>3rd\PhysX3.4\extensions</Filter>
    </ClInclude>
    <ClInclude Include="..\..\Native\3rd\PhysX-3.4\PhysX_3.4\Include\extensions\PxParticleExt.h">
      <Filter>3rd\PhysX3.4\extensions</Filter>
    </ClInclude>
    <ClInclude Include="..\..\Native\3rd\PhysX-3.4\PhysX_3.4\Include\extensions\PxPrismaticJoint.h">
      <Filter>3rd\PhysX3.4\extensions</Filter>
    </ClInclude>
    <ClInclude Include="..\..\Native\3rd\PhysX-3.4\PhysX_3.4\Include\extensions\PxRaycastCCD.h">
      <Filter>3rd\PhysX3.4\extensions</Filter>
    </ClInclude>
    <ClInclude Include="..\..\Native\3rd\PhysX-3.4\PhysX_3.4\Include\extensions\PxRepXSerializer.h">
      <Filter>3rd\PhysX3.4\extensions</Filter>
    </ClInclude>
    <ClInclude Include="..\..\Native\3rd\PhysX-3.4\PhysX_3.4\Include\extensions\PxRepXSimpleType.h">
      <Filter>3rd\PhysX3.4\extensions</Filter>
    </ClInclude>
    <ClInclude Include="..\..\Native\3rd\PhysX-3.4\PhysX_3.4\Include\extensions\PxRevoluteJoint.h">
      <Filter>3rd\PhysX3.4\extensions</Filter>
    </ClInclude>
    <ClInclude Include="..\..\Native\3rd\PhysX-3.4\PhysX_3.4\Include\extensions\PxRigidActorExt.h">
      <Filter>3rd\PhysX3.4\extensions</Filter>
    </ClInclude>
    <ClInclude Include="..\..\Native\3rd\PhysX-3.4\PhysX_3.4\Include\extensions\PxRigidBodyExt.h">
      <Filter>3rd\PhysX3.4\extensions</Filter>
    </ClInclude>
    <ClInclude Include="..\..\Native\3rd\PhysX-3.4\PhysX_3.4\Include\extensions\PxSceneQueryExt.h">
      <Filter>3rd\PhysX3.4\extensions</Filter>
    </ClInclude>
    <ClInclude Include="..\..\Native\3rd\PhysX-3.4\PhysX_3.4\Include\extensions\PxSerialization.h">
      <Filter>3rd\PhysX3.4\extensions</Filter>
    </ClInclude>
    <ClInclude Include="..\..\Native\3rd\PhysX-3.4\PhysX_3.4\Include\extensions\PxShapeExt.h">
      <Filter>3rd\PhysX3.4\extensions</Filter>
    </ClInclude>
    <ClInclude Include="..\..\Native\3rd\PhysX-3.4\PhysX_3.4\Include\extensions\PxSimpleFactory.h">
      <Filter>3rd\PhysX3.4\extensions</Filter>
    </ClInclude>
    <ClInclude Include="..\..\Native\3rd\PhysX-3.4\PhysX_3.4\Include\extensions\PxSmoothNormals.h">
      <Filter>3rd\PhysX3.4\extensions</Filter>
    </ClInclude>
    <ClInclude Include="..\..\Native\3rd\PhysX-3.4\PhysX_3.4\Include\extensions\PxSphericalJoint.h">
      <Filter>3rd\PhysX3.4\extensions</Filter>
    </ClInclude>
    <ClInclude Include="..\..\Native\3rd\PhysX-3.4\PhysX_3.4\Include\extensions\PxStringTableExt.h">
      <Filter>3rd\PhysX3.4\extensions</Filter>
    </ClInclude>
    <ClInclude Include="..\..\Native\3rd\PhysX-3.4\PhysX_3.4\Include\extensions\PxTriangleMeshExt.h">
      <Filter>3rd\PhysX3.4\extensions</Filter>
    </ClInclude>
    <ClInclude Include="..\..\Native\3rd\PhysX-3.4\PhysX_3.4\Include\geometry\PxBoxGeometry.h">
      <Filter>3rd\PhysX3.4\geometry</Filter>
    </ClInclude>
    <ClInclude Include="..\..\Native\3rd\PhysX-3.4\PhysX_3.4\Include\geometry\PxCapsuleGeometry.h">
      <Filter>3rd\PhysX3.4\geometry</Filter>
    </ClInclude>
    <ClInclude Include="..\..\Native\3rd\PhysX-3.4\PhysX_3.4\Include\geometry\PxConvexMesh.h">
      <Filter>3rd\PhysX3.4\geometry</Filter>
    </ClInclude>
    <ClInclude Include="..\..\Native\3rd\PhysX-3.4\PhysX_3.4\Include\geometry\PxConvexMeshGeometry.h">
      <Filter>3rd\PhysX3.4\geometry</Filter>
    </ClInclude>
    <ClInclude Include="..\..\Native\3rd\PhysX-3.4\PhysX_3.4\Include\geometry\PxGeometry.h">
      <Filter>3rd\PhysX3.4\geometry</Filter>
    </ClInclude>
    <ClInclude Include="..\..\Native\3rd\PhysX-3.4\PhysX_3.4\Include\geometry\PxGeometryHelpers.h">
      <Filter>3rd\PhysX3.4\geometry</Filter>
    </ClInclude>
    <ClInclude Include="..\..\Native\3rd\PhysX-3.4\PhysX_3.4\Include\geometry\PxGeometryQuery.h">
      <Filter>3rd\PhysX3.4\geometry</Filter>
    </ClInclude>
    <ClInclude Include="..\..\Native\3rd\PhysX-3.4\PhysX_3.4\Include\geometry\PxHeightField.h">
      <Filter>3rd\PhysX3.4\geometry</Filter>
    </ClInclude>
    <ClInclude Include="..\..\Native\3rd\PhysX-3.4\PhysX_3.4\Include\geometry\PxHeightFieldDesc.h">
      <Filter>3rd\PhysX3.4\geometry</Filter>
    </ClInclude>
    <ClInclude Include="..\..\Native\3rd\PhysX-3.4\PhysX_3.4\Include\geometry\PxHeightFieldFlag.h">
      <Filter>3rd\PhysX3.4\geometry</Filter>
    </ClInclude>
    <ClInclude Include="..\..\Native\3rd\PhysX-3.4\PhysX_3.4\Include\geometry\PxHeightFieldGeometry.h">
      <Filter>3rd\PhysX3.4\geometry</Filter>
    </ClInclude>
    <ClInclude Include="..\..\Native\3rd\PhysX-3.4\PhysX_3.4\Include\geometry\PxHeightFieldSample.h">
      <Filter>3rd\PhysX3.4\geometry</Filter>
    </ClInclude>
    <ClInclude Include="..\..\Native\3rd\PhysX-3.4\PhysX_3.4\Include\geometry\PxMeshQuery.h">
      <Filter>3rd\PhysX3.4\geometry</Filter>
    </ClInclude>
    <ClInclude Include="..\..\Native\3rd\PhysX-3.4\PhysX_3.4\Include\geometry\PxMeshScale.h">
      <Filter>3rd\PhysX3.4\geometry</Filter>
    </ClInclude>
    <ClInclude Include="..\..\Native\3rd\PhysX-3.4\PhysX_3.4\Include\geometry\PxPlaneGeometry.h">
      <Filter>3rd\PhysX3.4\geometry</Filter>
    </ClInclude>
    <ClInclude Include="..\..\Native\3rd\PhysX-3.4\PhysX_3.4\Include\geometry\PxSimpleTriangleMesh.h">
      <Filter>3rd\PhysX3.4\geometry</Filter>
    </ClInclude>
    <ClInclude Include="..\..\Native\3rd\PhysX-3.4\PhysX_3.4\Include\geometry\PxSphereGeometry.h">
      <Filter>3rd\PhysX3.4\geometry</Filter>
    </ClInclude>
    <ClInclude Include="..\..\Native\3rd\PhysX-3.4\PhysX_3.4\Include\geometry\PxTriangle.h">
      <Filter>3rd\PhysX3.4\geometry</Filter>
    </ClInclude>
    <ClInclude Include="..\..\Native\3rd\PhysX-3.4\PhysX_3.4\Include\geometry\PxTriangleMesh.h">
      <Filter>3rd\PhysX3.4\geometry</Filter>
    </ClInclude>
    <ClInclude Include="..\..\Native\3rd\PhysX-3.4\PhysX_3.4\Include\geometry\PxTriangleMeshGeometry.h">
      <Filter>3rd\PhysX3.4\geometry</Filter>
    </ClInclude>
    <ClInclude Include="..\..\Native\3rd\PhysX-3.4\PhysX_3.4\Include\GeomUtils\GuContactBuffer.h">
      <Filter>3rd\PhysX3.4\GeomUtils</Filter>
    </ClInclude>
    <ClInclude Include="..\..\Native\3rd\PhysX-3.4\PhysX_3.4\Include\GeomUtils\GuContactPoint.h">
      <Filter>3rd\PhysX3.4\GeomUtils</Filter>
    </ClInclude>
    <ClInclude Include="..\..\Native\3rd\PhysX-3.4\PhysX_3.4\Include\gpu\PxGpu.h">
      <Filter>3rd\PhysX3.4\gpu</Filter>
    </ClInclude>
    <ClInclude Include="..\..\Native\3rd\PhysX-3.4\PhysX_3.4\Include\gpu\PxParticleGpu.h">
      <Filter>3rd\PhysX3.4\gpu</Filter>
    </ClInclude>
    <ClInclude Include="..\..\Native\3rd\PhysX-3.4\PhysX_3.4\Include\particles\PxParticleBase.h">
      <Filter>3rd\PhysX3.4\particles</Filter>
    </ClInclude>
    <ClInclude Include="..\..\Native\3rd\PhysX-3.4\PhysX_3.4\Include\particles\PxParticleBaseFlag.h">
      <Filter>3rd\PhysX3.4\particles</Filter>
    </ClInclude>
    <ClInclude Include="..\..\Native\3rd\PhysX-3.4\PhysX_3.4\Include\particles\PxParticleCreationData.h">
      <Filter>3rd\PhysX3.4\particles</Filter>
    </ClInclude>
    <ClInclude Include="..\..\Native\3rd\PhysX-3.4\PhysX_3.4\Include\particles\PxParticleFlag.h">
      <Filter>3rd\PhysX3.4\particles</Filter>
    </ClInclude>
    <ClInclude Include="..\..\Native\3rd\PhysX-3.4\PhysX_3.4\Include\particles\PxParticleFluid.h">
      <Filter>3rd\PhysX3.4\particles</Filter>
    </ClInclude>
    <ClInclude Include="..\..\Native\3rd\PhysX-3.4\PhysX_3.4\Include\particles\PxParticleFluidReadData.h">
      <Filter>3rd\PhysX3.4\particles</Filter>
    </ClInclude>
    <ClInclude Include="..\..\Native\3rd\PhysX-3.4\PhysX_3.4\Include\particles\PxParticleReadData.h">
      <Filter>3rd\PhysX3.4\particles</Filter>
    </ClInclude>
    <ClInclude Include="..\..\Native\3rd\PhysX-3.4\PhysX_3.4\Include\particles\PxParticleSystem.h">
      <Filter>3rd\PhysX3.4\particles</Filter>
    </ClInclude>
    <ClInclude Include="..\..\Native\3rd\PhysX-3.4\PhysX_3.4\Include\pvd\PxPvdSceneClient.h">
      <Filter>3rd\PhysX3.4\pvd</Filter>
    </ClInclude>
    <ClInclude Include="..\..\Native\3rd\PhysX-3.4\PhysX_3.4\Include\solver\PxSolverDefs.h">
      <Filter>3rd\PhysX3.4\solver</Filter>
    </ClInclude>
    <ClInclude Include="..\..\Native\3rd\PhysX-3.4\PhysX_3.4\Include\vehicle\PxVehicleComponents.h">
      <Filter>3rd\PhysX3.4\vehicle</Filter>
    </ClInclude>
    <ClInclude Include="..\..\Native\3rd\PhysX-3.4\PhysX_3.4\Include\vehicle\PxVehicleDrive.h">
      <Filter>3rd\PhysX3.4\vehicle</Filter>
    </ClInclude>
    <ClInclude Include="..\..\Native\3rd\PhysX-3.4\PhysX_3.4\Include\vehicle\PxVehicleDrive4W.h">
      <Filter>3rd\PhysX3.4\vehicle</Filter>
    </ClInclude>
    <ClInclude Include="..\..\Native\3rd\PhysX-3.4\PhysX_3.4\Include\vehicle\PxVehicleDriveNW.h">
      <Filter>3rd\PhysX3.4\vehicle</Filter>
    </ClInclude>
    <ClInclude Include="..\..\Native\3rd\PhysX-3.4\PhysX_3.4\Include\vehicle\PxVehicleDriveTank.h">
      <Filter>3rd\PhysX3.4\vehicle</Filter>
    </ClInclude>
    <ClInclude Include="..\..\Native\3rd\PhysX-3.4\PhysX_3.4\Include\vehicle\PxVehicleNoDrive.h">
      <Filter>3rd\PhysX3.4\vehicle</Filter>
    </ClInclude>
    <ClInclude Include="..\..\Native\3rd\PhysX-3.4\PhysX_3.4\Include\vehicle\PxVehicleSDK.h">
      <Filter>3rd\PhysX3.4\vehicle</Filter>
    </ClInclude>
    <ClInclude Include="..\..\Native\3rd\PhysX-3.4\PhysX_3.4\Include\vehicle\PxVehicleShaders.h">
      <Filter>3rd\PhysX3.4\vehicle</Filter>
    </ClInclude>
    <ClInclude Include="..\..\Native\3rd\PhysX-3.4\PhysX_3.4\Include\vehicle\PxVehicleTireFriction.h">
      <Filter>3rd\PhysX3.4\vehicle</Filter>
    </ClInclude>
    <ClInclude Include="..\..\Native\3rd\PhysX-3.4\PhysX_3.4\Include\vehicle\PxVehicleUpdate.h">
      <Filter>3rd\PhysX3.4\vehicle</Filter>
    </ClInclude>
    <ClInclude Include="..\..\Native\3rd\PhysX-3.4\PhysX_3.4\Include\vehicle\PxVehicleUtil.h">
      <Filter>3rd\PhysX3.4\vehicle</Filter>
    </ClInclude>
    <ClInclude Include="..\..\Native\3rd\PhysX-3.4\PhysX_3.4\Include\vehicle\PxVehicleUtilControl.h">
      <Filter>3rd\PhysX3.4\vehicle</Filter>
    </ClInclude>
    <ClInclude Include="..\..\Native\3rd\PhysX-3.4\PhysX_3.4\Include\vehicle\PxVehicleUtilSetup.h">
      <Filter>3rd\PhysX3.4\vehicle</Filter>
    </ClInclude>
    <ClInclude Include="..\..\Native\3rd\PhysX-3.4\PhysX_3.4\Include\vehicle\PxVehicleUtilTelemetry.h">
      <Filter>3rd\PhysX3.4\vehicle</Filter>
    </ClInclude>
    <ClInclude Include="..\..\Native\3rd\PhysX-3.4\PhysX_3.4\Include\vehicle\PxVehicleWheels.h">
      <Filter>3rd\PhysX3.4\vehicle</Filter>
    </ClInclude>
    <ClInclude Include="..\..\Native\3rd\PhysX-3.4\PxShared\include\cudamanager\PxCudaContextManager.h">
      <Filter>3rd\PxShared\cudamanager</Filter>
    </ClInclude>
    <ClInclude Include="..\..\Native\3rd\PhysX-3.4\PxShared\include\cudamanager\PxCudaMemoryManager.h">
      <Filter>3rd\PxShared\cudamanager</Filter>
    </ClInclude>
    <ClInclude Include="..\..\Native\3rd\PhysX-3.4\PxShared\include\cudamanager\PxGpuCopyDesc.h">
      <Filter>3rd\PxShared\cudamanager</Filter>
    </ClInclude>
    <ClInclude Include="..\..\Native\3rd\PhysX-3.4\PxShared\include\cudamanager\PxGpuCopyDescQueue.h">
      <Filter>3rd\PxShared\cudamanager</Filter>
    </ClInclude>
    <ClInclude Include="..\..\Native\3rd\PhysX-3.4\PxShared\include\filebuf\PxFileBuf.h">
      <Filter>3rd\PxShared\filebuf</Filter>
    </ClInclude>
    <ClInclude Include="..\..\Native\3rd\PhysX-3.4\PxShared\include\foundation\Px.h">
      <Filter>3rd\PxShared\foundation</Filter>
    </ClInclude>
    <ClInclude Include="..\..\Native\3rd\PhysX-3.4\PxShared\include\foundation\PxAllocatorCallback.h">
      <Filter>3rd\PxShared\foundation</Filter>
    </ClInclude>
    <ClInclude Include="..\..\Native\3rd\PhysX-3.4\PxShared\include\foundation\PxAssert.h">
      <Filter>3rd\PxShared\foundation</Filter>
    </ClInclude>
    <ClInclude Include="..\..\Native\3rd\PhysX-3.4\PxShared\include\foundation\PxBitAndData.h">
      <Filter>3rd\PxShared\foundation</Filter>
    </ClInclude>
    <ClInclude Include="..\..\Native\3rd\PhysX-3.4\PxShared\include\foundation\PxBounds3.h">
      <Filter>3rd\PxShared\foundation</Filter>
    </ClInclude>
    <ClInclude Include="..\..\Native\3rd\PhysX-3.4\PxShared\include\foundation\PxErrorCallback.h">
      <Filter>3rd\PxShared\foundation</Filter>
    </ClInclude>
    <ClInclude Include="..\..\Native\3rd\PhysX-3.4\PxShared\include\foundation\PxErrors.h">
      <Filter>3rd\PxShared\foundation</Filter>
    </ClInclude>
    <ClInclude Include="..\..\Native\3rd\PhysX-3.4\PxShared\include\foundation\PxFlags.h">
      <Filter>3rd\PxShared\foundation</Filter>
    </ClInclude>
    <ClInclude Include="..\..\Native\3rd\PhysX-3.4\PxShared\include\foundation\PxFoundation.h">
      <Filter>3rd\PxShared\foundation</Filter>
    </ClInclude>
    <ClInclude Include="..\..\Native\3rd\PhysX-3.4\PxShared\include\foundation\PxFoundationVersion.h">
      <Filter>3rd\PxShared\foundation</Filter>
    </ClInclude>
    <ClInclude Include="..\..\Native\3rd\PhysX-3.4\PxShared\include\foundation\PxIntrinsics.h">
      <Filter>3rd\PxShared\foundation</Filter>
    </ClInclude>
    <ClInclude Include="..\..\Native\3rd\PhysX-3.4\PxShared\include\foundation\PxIO.h">
      <Filter>3rd\PxShared\foundation</Filter>
    </ClInclude>
    <ClInclude Include="..\..\Native\3rd\PhysX-3.4\PxShared\include\foundation\PxMat33.h">
      <Filter>3rd\PxShared\foundation</Filter>
    </ClInclude>
    <ClInclude Include="..\..\Native\3rd\PhysX-3.4\PxShared\include\foundation\PxMat44.h">
      <Filter>3rd\PxShared\foundation</Filter>
    </ClInclude>
    <ClInclude Include="..\..\Native\3rd\PhysX-3.4\PxShared\include\foundation\PxMath.h">
      <Filter>3rd\PxShared\foundation</Filter>
    </ClInclude>
    <ClInclude Include="..\..\Native\3rd\PhysX-3.4\PxShared\include\foundation\PxMathUtils.h">
      <Filter>3rd\PxShared\foundation</Filter>
    </ClInclude>
    <ClInclude Include="..\..\Native\3rd\PhysX-3.4\PxShared\include\foundation\PxMemory.h">
      <Filter>3rd\PxShared\foundation</Filter>
    </ClInclude>
    <ClInclude Include="..\..\Native\3rd\PhysX-3.4\PxShared\include\foundation\PxPlane.h">
      <Filter>3rd\PxShared\foundation</Filter>
    </ClInclude>
    <ClInclude Include="..\..\Native\3rd\PhysX-3.4\PxShared\include\foundation\PxPreprocessor.h">
      <Filter>3rd\PxShared\foundation</Filter>
    </ClInclude>
    <ClInclude Include="..\..\Native\3rd\PhysX-3.4\PxShared\include\foundation\PxProfiler.h">
      <Filter>3rd\PxShared\foundation</Filter>
    </ClInclude>
    <ClInclude Include="..\..\Native\3rd\PhysX-3.4\PxShared\include\foundation\PxQuat.h">
      <Filter>3rd\PxShared\foundation</Filter>
    </ClInclude>
    <ClInclude Include="..\..\Native\3rd\PhysX-3.4\PxShared\include\foundation\PxSimpleTypes.h">
      <Filter>3rd\PxShared\foundation</Filter>
    </ClInclude>
    <ClInclude Include="..\..\Native\3rd\PhysX-3.4\PxShared\include\foundation\PxStrideIterator.h">
      <Filter>3rd\PxShared\foundation</Filter>
    </ClInclude>
    <ClInclude Include="..\..\Native\3rd\PhysX-3.4\PxShared\include\foundation\PxTransform.h">
      <Filter>3rd\PxShared\foundation</Filter>
    </ClInclude>
    <ClInclude Include="..\..\Native\3rd\PhysX-3.4\PxShared\include\foundation\PxUnionCast.h">
      <Filter>3rd\PxShared\foundation</Filter>
    </ClInclude>
    <ClInclude Include="..\..\Native\3rd\PhysX-3.4\PxShared\include\foundation\PxVec2.h">
      <Filter>3rd\PxShared\foundation</Filter>
    </ClInclude>
    <ClInclude Include="..\..\Native\3rd\PhysX-3.4\PxShared\include\foundation\PxVec3.h">
      <Filter>3rd\PxShared\foundation</Filter>
    </ClInclude>
    <ClInclude Include="..\..\Native\3rd\PhysX-3.4\PxShared\include\foundation\PxVec4.h">
      <Filter>3rd\PxShared\foundation</Filter>
    </ClInclude>
    <ClInclude Include="..\..\Native\3rd\PhysX-3.4\PxShared\include\foundation\unix\PxUnixIntrinsics.h">
      <Filter>3rd\PxShared\foundation\unix</Filter>
    </ClInclude>
    <ClInclude Include="..\..\Native\3rd\PhysX-3.4\PxShared\include\foundation\windows\PxWindowsFoundationDelayLoadHook.h">
      <Filter>3rd\PxShared\foundation\windows</Filter>
    </ClInclude>
    <ClInclude Include="..\..\Native\3rd\PhysX-3.4\PxShared\include\foundation\windows\PxWindowsIntrinsics.h">
      <Filter>3rd\PxShared\foundation\windows</Filter>
    </ClInclude>
    <ClInclude Include="..\..\Native\3rd\PhysX-3.4\PxShared\include\pvd\PxPvd.h">
      <Filter>3rd\PxShared\pvd</Filter>
    </ClInclude>
    <ClInclude Include="..\..\Native\3rd\PhysX-3.4\PxShared\include\pvd\PxPvdTransport.h">
      <Filter>3rd\PxShared\pvd</Filter>
    </ClInclude>
    <ClInclude Include="..\..\Native\3rd\PhysX-3.4\PxShared\include\pvd\windows\PxWindowsPvdDelayLoadHook.h">
      <Filter>3rd\PxShared\pvd\windows</Filter>
    </ClInclude>
    <ClInclude Include="..\..\Native\3rd\PhysX-3.4\PxShared\include\task\PxCpuDispatcher.h">
      <Filter>3rd\PxShared\task</Filter>
    </ClInclude>
    <ClInclude Include="..\..\Native\3rd\PhysX-3.4\PxShared\include\task\PxGpuDispatcher.h">
      <Filter>3rd\PxShared\task</Filter>
    </ClInclude>
    <ClInclude Include="..\..\Native\3rd\PhysX-3.4\PxShared\include\task\PxGpuTask.h">
      <Filter>3rd\PxShared\task</Filter>
    </ClInclude>
    <ClInclude Include="..\..\Native\3rd\PhysX-3.4\PxShared\include\task\PxTask.h">
      <Filter>3rd\PxShared\task</Filter>
    </ClInclude>
    <ClInclude Include="..\..\Native\3rd\PhysX-3.4\PxShared\include\task\PxTaskDefine.h">
      <Filter>3rd\PxShared\task</Filter>
    </ClInclude>
    <ClInclude Include="..\..\Native\3rd\PhysX-3.4\PxShared\include\task\PxTaskManager.h">
      <Filter>3rd\PxShared\task</Filter>
    </ClInclude>
  </ItemGroup>
  <ItemGroup>
    <ClCompile Include="Core_IOS.mm" />
  </ItemGroup>
  <ItemGroup>
    <Filter Include="3rd">
      <UniqueIdentifier>{e2a3aeb3-5427-40bd-9966-da054cf8feea}</UniqueIdentifier>
    </Filter>
    <Filter Include="3rd\PhysX3.4">
      <UniqueIdentifier>{767ae105-a294-4edd-a719-4d41ab871096}</UniqueIdentifier>
    </Filter>
    <Filter Include="3rd\PhysX3.4\characterkinematic">
      <UniqueIdentifier>{a0db8b3b-40e4-47bb-9d63-61b49f9a92b4}</UniqueIdentifier>
    </Filter>
    <Filter Include="3rd\PhysX3.4\cloth">
      <UniqueIdentifier>{de1bec32-44cb-4926-a545-88dfbc0dc5e3}</UniqueIdentifier>
    </Filter>
    <Filter Include="3rd\PhysX3.4\collision">
      <UniqueIdentifier>{ecf98d15-d34a-4fcb-94f4-9d9672bd69a3}</UniqueIdentifier>
    </Filter>
    <Filter Include="3rd\PhysX3.4\common">
      <UniqueIdentifier>{5befd50f-508f-420d-aaa8-d5c558ee0908}</UniqueIdentifier>
    </Filter>
    <Filter Include="3rd\PhysX3.4\cooking">
      <UniqueIdentifier>{1d3ad455-afff-491d-a479-7c2ff527fd60}</UniqueIdentifier>
    </Filter>
    <Filter Include="3rd\PhysX3.4\extensions">
      <UniqueIdentifier>{b2ba4567-efa0-4143-bfe9-c3c773990277}</UniqueIdentifier>
    </Filter>
    <Filter Include="3rd\PhysX3.4\geometry">
      <UniqueIdentifier>{47b23bfa-c98f-428a-a506-1bfa8a741e2b}</UniqueIdentifier>
    </Filter>
    <Filter Include="3rd\PhysX3.4\GeomUtils">
      <UniqueIdentifier>{39f331a2-a9c0-48ce-96f9-4a64b8e76bdc}</UniqueIdentifier>
    </Filter>
    <Filter Include="3rd\PhysX3.4\gpu">
      <UniqueIdentifier>{335bff31-d51b-4544-a945-bd519bc2d62b}</UniqueIdentifier>
    </Filter>
    <Filter Include="3rd\PhysX3.4\particles">
      <UniqueIdentifier>{03b2a408-777c-4a50-8581-e0161ed6e88a}</UniqueIdentifier>
    </Filter>
    <Filter Include="3rd\PhysX3.4\pvd">
      <UniqueIdentifier>{50161cfb-951d-4f0a-ac6a-159f0a0a6c38}</UniqueIdentifier>
    </Filter>
    <Filter Include="3rd\PhysX3.4\solver">
      <UniqueIdentifier>{9209e7bd-ae91-4dda-a995-889828167c4f}</UniqueIdentifier>
    </Filter>
    <Filter Include="3rd\PhysX3.4\vehicle">
      <UniqueIdentifier>{5dfa4dc0-8784-499a-a38c-f4752a7aa20c}</UniqueIdentifier>
    </Filter>
    <Filter Include="3rd\PhysX3.4\common\windows">
      <UniqueIdentifier>{2bfa0254-d5d4-4f39-a057-6ceefe3fcdbc}</UniqueIdentifier>
    </Filter>
    <Filter Include="3rd\PxShared">
      <UniqueIdentifier>{f1eb0801-9616-4e67-8db8-ae2fbb6f387c}</UniqueIdentifier>
    </Filter>
    <Filter Include="3rd\PxShared\cudamanager">
      <UniqueIdentifier>{8293e989-726f-41f3-b693-8062a244673a}</UniqueIdentifier>
    </Filter>
    <Filter Include="3rd\PxShared\filebuf">
      <UniqueIdentifier>{4df46d33-257c-4955-ab9f-505b668fa145}</UniqueIdentifier>
    </Filter>
    <Filter Include="3rd\PxShared\foundation">
      <UniqueIdentifier>{22806c5e-b4ff-4fed-9d63-88d861504c3b}</UniqueIdentifier>
    </Filter>
    <Filter Include="3rd\PxShared\pvd">
      <UniqueIdentifier>{44103056-b551-4622-9605-40c4021ddf97}</UniqueIdentifier>
    </Filter>
    <Filter Include="3rd\PxShared\task">
      <UniqueIdentifier>{d26b77a8-3556-4669-92a0-a36c5ce16d4d}</UniqueIdentifier>
    </Filter>
    <Filter Include="3rd\PxShared\foundation\unix">
      <UniqueIdentifier>{c5f3861e-cb6c-4372-8134-3a0fb0cc3fc9}</UniqueIdentifier>
    </Filter>
    <Filter Include="3rd\PxShared\foundation\windows">
      <UniqueIdentifier>{196c403b-897d-437e-b54f-e640c204d7b8}</UniqueIdentifier>
    </Filter>
    <Filter Include="3rd\PxShared\pvd\windows">
      <UniqueIdentifier>{be392bac-24d7-465f-9c44-2a17cd9c4b7d}</UniqueIdentifier>
    </Filter>
  </ItemGroup>
</Project>