<?xml version="1.0" encoding="utf-8"?>
<Project ToolsVersion="4.0" xmlns="http://schemas.microsoft.com/developer/msbuild/2003">
  <ItemGroup>
    <ClCompile Include="$(MSBuildThisFileDirectory)GLPreHead.cpp" />
    <ClCompile Include="$(MSBuildThisFileDirectory)GLSdk.cpp" />
    <ClCompile Include="$(MSBuildThisFileDirectory)IGLBlendState.cpp" />
    <ClCompile Include="$(MSBuildThisFileDirectory)IGLCommandList.cpp" />
    <ClCompile Include="$(MSBuildThisFileDirectory)IGLDepthStencilState.cpp" />
    <ClCompile Include="$(MSBuildThisFileDirectory)IGLDepthStencilView.cpp" />
    <ClCompile Include="$(MSBuildThisFileDirectory)IGLInputLayout.cpp" />
    <ClCompile Include="$(MSBuildThisFileDirectory)IGLPass.cpp" />
    <ClCompile Include="$(MSBuildThisFileDirectory)IGLRasterizerState.cpp" />
    <ClCompile Include="$(MSBuildThisFileDirectory)IGLRenderContext.cpp" />
    <ClCompile Include="$(MSBuildThisFileDirectory)IGLRenderPipeline.cpp" />
    <ClCompile Include="$(MSBuildThisFileDirectory)IGLRenderSystem.cpp" />
    <ClCompile Include="$(MSBuildThisFileDirectory)IGLRenderTargetView.cpp" />
    <ClCompile Include="$(MSBuildThisFileDirectory)IGLSamplerState.cpp" />
    <ClCompile Include="$(MSBuildThisFileDirectory)IGLShaderResourceView.cpp" />
    <ClCompile Include="$(MSBuildThisFileDirectory)IGLSwapChain.cpp" />
    <ClCompile Include="$(MSBuildThisFileDirectory)IGLShaderReflector.cpp">
      <Filter>Shader</Filter>
    </ClCompile>
    <ClCompile Include="$(MSBuildThisFileDirectory)IGLVertexShader.cpp">
      <Filter>Shader</Filter>
    </ClCompile>
    <ClCompile Include="$(MSBuildThisFileDirectory)IGLComputeShader.cpp">
      <Filter>Shader</Filter>
    </ClCompile>
    <ClCompile Include="$(MSBuildThisFileDirectory)IGLPixelShader.cpp">
      <Filter>Shader</Filter>
    </ClCompile>
    <ClCompile Include="$(MSBuildThisFileDirectory)IGLFrameBuffers.cpp">
      <Filter>Buffer</Filter>
    </ClCompile>
    <ClCompile Include="$(MSBuildThisFileDirectory)IGLVertexBuffer.cpp">
      <Filter>Buffer</Filter>
    </ClCompile>
    <ClCompile Include="$(MSBuildThisFileDirectory)IGLConstantBuffer.cpp">
      <Filter>Buffer</Filter>
    </ClCompile>
    <ClCompile Include="$(MSBuildThisFileDirectory)IGLIndexBuffer.cpp">
      <Filter>Buffer</Filter>
    </ClCompile>
    <ClCompile Include="$(MSBuildThisFileDirectory)IGLUnorderedAccessView.cpp">
      <Filter>Buffer</Filter>
    </ClCompile>
    <ClCompile Include="$(MSBuildThisFileDirectory)IGLTexture2D.cpp">
      <Filter>Buffer</Filter>
    </ClCompile>
    <ClCompile Include="$(MSBuildThisFileDirectory)IGLShaderProgram.cpp">
      <Filter>Shader</Filter>
    </ClCompile>
    <ClCompile Include="$(MSBuildThisFileDirectory)glew\src\glew.c">
      <Filter>glew</Filter>
    </ClCompile>
  </ItemGroup>
  <ItemGroup>
    <ClInclude Include="$(MSBuildThisFileDirectory)GLPreHead.h" />
    <ClInclude Include="$(MSBuildThisFileDirectory)GLSdk.h" />
    <ClInclude Include="$(MSBuildThisFileDirectory)IGLBlendState.h" />
    <ClInclude Include="$(MSBuildThisFileDirectory)IGLCommandList.h" />
    <ClInclude Include="$(MSBuildThisFileDirectory)IGLDepthStencilState.h" />
    <ClInclude Include="$(MSBuildThisFileDirectory)IGLDepthStencilView.h" />
    <ClInclude Include="$(MSBuildThisFileDirectory)IGLInputLayout.h" />
    <ClInclude Include="$(MSBuildThisFileDirectory)IGLPass.h" />
    <ClInclude Include="$(MSBuildThisFileDirectory)IGLRasterizerState.h" />
    <ClInclude Include="$(MSBuildThisFileDirectory)IGLRenderContext.h" />
    <ClInclude Include="$(MSBuildThisFileDirectory)IGLRenderPipeline.h" />
    <ClInclude Include="$(MSBuildThisFileDirectory)IGLRenderSystem.h" />
    <ClInclude Include="$(MSBuildThisFileDirectory)IGLRenderTargetView.h" />
    <ClInclude Include="$(MSBuildThisFileDirectory)IGLSamplerState.h" />
    <ClInclude Include="$(MSBuildThisFileDirectory)IGLShaderResourceView.h" />
    <ClInclude Include="$(MSBuildThisFileDirectory)IGLSwapChain.h" />
    <ClInclude Include="$(MSBuildThisFileDirectory)glu\glues_error.h">
      <Filter>glu</Filter>
    </ClInclude>
    <ClInclude Include="$(MSBuildThisFileDirectory)IGLShaderReflector.h">
      <Filter>Shader</Filter>
    </ClInclude>
    <ClInclude Include="$(MSBuildThisFileDirectory)IGLVertexShader.h">
      <Filter>Shader</Filter>
    </ClInclude>
    <ClInclude Include="$(MSBuildThisFileDirectory)IGLPixelShader.h">
      <Filter>Shader</Filter>
    </ClInclude>
    <ClInclude Include="$(MSBuildThisFileDirectory)IGLComputeShader.h">
      <Filter>Shader</Filter>
    </ClInclude>
    <ClInclude Include="$(MSBuildThisFileDirectory)IGLFrameBuffers.h">
      <Filter>Buffer</Filter>
    </ClInclude>
    <ClInclude Include="$(MSBuildThisFileDirectory)IGLVertexBuffer.h">
      <Filter>Buffer</Filter>
    </ClInclude>
    <ClInclude Include="$(MSBuildThisFileDirectory)IGLConstantBuffer.h">
      <Filter>Buffer</Filter>
    </ClInclude>
    <ClInclude Include="$(MSBuildThisFileDirectory)IGLIndexBuffer.h">
      <Filter>Buffer</Filter>
    </ClInclude>
    <ClInclude Include="$(MSBuildThisFileDirectory)IGLUnorderedAccessView.h">
      <Filter>Buffer</Filter>
    </ClInclude>
    <ClInclude Include="$(MSBuildThisFileDirectory)IGLTexture2D.h">
      <Filter>Buffer</Filter>
    </ClInclude>
    <ClInclude Include="$(MSBuildThisFileDirectory)IGLShaderProgram.h">
      <Filter>Shader</Filter>
    </ClInclude>
    <ClInclude Include="$(MSBuildThisFileDirectory)glew\include\GL\glew.h">
      <Filter>glew</Filter>
    </ClInclude>
    <ClInclude Include="$(MSBuildThisFileDirectory)glew\include\GL\glxew.h">
      <Filter>glew</Filter>
    </ClInclude>
    <ClInclude Include="$(MSBuildThisFileDirectory)glew\include\GL\wglew.h">
      <Filter>glew</Filter>
    </ClInclude>
  </ItemGroup>
  <ItemGroup>
    <Filter Include="glu">
      <UniqueIdentifier>{6b225586-7c24-40ec-b4a8-54be0356dbc6}</UniqueIdentifier>
    </Filter>
    <Filter Include="Shader">
      <UniqueIdentifier>{0f75ffbd-213c-40f2-bbca-3d7df2f12939}</UniqueIdentifier>
    </Filter>
    <Filter Include="Buffer">
      <UniqueIdentifier>{d9cd0070-ca9f-4ea7-8dba-0668421719bc}</UniqueIdentifier>
    </Filter>
    <Filter Include="glew">
      <UniqueIdentifier>{df694b8d-b70d-4dea-9404-caaa8c98dcd1}</UniqueIdentifier>
    </Filter>
  </ItemGroup>
</Project>